// !$*UTF8*$!
{
	archiveVersion = 1;
	classes = {
	};
	objectVersion = 48;
	objects = {

/* Begin PBXBuildFile section */
		CEB489291F7A1A4F0086EF61 /* NewViewController.swift in Sources */ = {isa = PBXBuildFile; fileRef = CEB489281F7A1A4F0086EF61 /* NewViewController.swift */; };
		CEB4892B1F7A22920086EF61 /* UIButtonOneViewController.swift in Sources */ = {isa = PBXBuildFile; fileRef = CEB4892A1F7A22920086EF61 /* UIButtonOneViewController.swift */; };
		CEB4892D1F7A67110086EF61 /* ButtonConvertViewController.swift in Sources */ = {isa = PBXBuildFile; fileRef = CEB4892C1F7A67110086EF61 /* ButtonConvertViewController.swift */; };
		CEED27341F79E68F007E0427 /* AppDelegate.swift in Sources */ = {isa = PBXBuildFile; fileRef = CEED27331F79E68F007E0427 /* AppDelegate.swift */; };
		CEED27361F79E68F007E0427 /* ViewController.swift in Sources */ = {isa = PBXBuildFile; fileRef = CEED27351F79E68F007E0427 /* ViewController.swift */; };
		CEED27391F79E68F007E0427 /* Main.storyboard in Resources */ = {isa = PBXBuildFile; fileRef = CEED27371F79E68F007E0427 /* Main.storyboard */; };
		CEED273B1F79E68F007E0427 /* Assets.xcassets in Resources */ = {isa = PBXBuildFile; fileRef = CEED273A1F79E68F007E0427 /* Assets.xcassets */; };
		CEED273E1F79E68F007E0427 /* LaunchScreen.storyboard in Resources */ = {isa = PBXBuildFile; fileRef = CEED273C1F79E68F007E0427 /* LaunchScreen.storyboard */; };
/* End PBXBuildFile section */

/* Begin PBXFileReference section */
		CEB489281F7A1A4F0086EF61 /* NewViewController.swift */ = {isa = PBXFileReference; lastKnownFileType = sourcecode.swift; path = NewViewController.swift; sourceTree = "<group>"; };
		CEB4892A1F7A22920086EF61 /* UIButtonOneViewController.swift */ = {isa = PBXFileReference; lastKnownFileType = sourcecode.swift; path = UIButtonOneViewController.swift; sourceTree = "<group>"; };
		CEB4892C1F7A67110086EF61 /* ButtonConvertViewController.swift */ = {isa = PBXFileReference; lastKnownFileType = sourcecode.swift; path = ButtonConvertViewController.swift; sourceTree = "<group>"; };
		CEED27301F79E68F007E0427 /* UIViewTest.app */ = {isa = PBXFileReference; explicitFileType = wrapper.application; includeInIndex = 0; path = UIViewTest.app; sourceTree = BUILT_PRODUCTS_DIR; };
		CEED27331F79E68F007E0427 /* AppDelegate.swift */ = {isa = PBXFileReference; lastKnownFileType = sourcecode.swift; path = AppDelegate.swift; sourceTree = "<group>"; };
		CEED27351F79E68F007E0427 /* ViewController.swift */ = {isa = PBXFileReference; lastKnownFileType = sourcecode.swift; path = ViewController.swift; sourceTree = "<group>"; };
		CEED27381F79E68F007E0427 /* Base */ = {isa = PBXFileReference; lastKnownFileType = file.storyboard; name = Base; path = Base.lproj/Main.storyboard; sourceTree = "<group>"; };
		CEED273A1F79E68F007E0427 /* Assets.xcassets */ = {isa = PBXFileReference; lastKnownFileType = folder.assetcatalog; path = Assets.xcassets; sourceTree = "<group>"; };
		CEED273D1F79E68F007E0427 /* Base */ = {isa = PBXFileReference; lastKnownFileType = file.storyboard; name = Base; path = Base.lproj/LaunchScreen.storyboard; sourceTree = "<group>"; };
		CEED273F1F79E68F007E0427 /* Info.plist */ = {isa = PBXFileReference; lastKnownFileType = text.plist.xml; path = Info.plist; sourceTree = "<group>"; };
/* End PBXFileReference section */

/* Begin PBXFrameworksBuildPhase section */
		CEED272D1F79E68F007E0427 /* Frameworks */ = {
			isa = PBXFrameworksBuildPhase;
			buildActionMask = 2147483647;
			files = (
			);
			runOnlyForDeploymentPostprocessing = 0;
		};
/* End PBXFrameworksBuildPhase section */

/* Begin PBXGroup section */
		CEED27271F79E68F007E0427 = {
			isa = PBXGroup;
			children = (
				CEED27321F79E68F007E0427 /* UIViewTest */,
				CEED27311F79E68F007E0427 /* Products */,
			);
			sourceTree = "<group>";
		};
		CEED27311F79E68F007E0427 /* Products */ = {
			isa = PBXGroup;
			children = (
				CEED27301F79E68F007E0427 /* UIViewTest.app */,
			);
			name = Products;
			sourceTree = "<group>";
		};
		CEED27321F79E68F007E0427 /* UIViewTest */ = {
			isa = PBXGroup;
			children = (
				CEED27331F79E68F007E0427 /* AppDelegate.swift */,
				CEED27351F79E68F007E0427 /* ViewController.swift */,
				CEB489281F7A1A4F0086EF61 /* NewViewController.swift */,
				CEB4892A1F7A22920086EF61 /* UIButtonOneViewController.swift */,
				CEED27371F79E68F007E0427 /* Main.storyboard */,
				CEED273A1F79E68F007E0427 /* Assets.xcassets */,
				CEED273C1F79E68F007E0427 /* LaunchScreen.storyboard */,
				CEED273F1F79E68F007E0427 /* Info.plist */,
				CEB4892C1F7A67110086EF61 /* ButtonConvertViewController.swift */,
			);
			path = UIViewTest;
			sourceTree = "<group>";
		};
/* End PBXGroup section */

/* Begin PBXNativeTarget section */
		CEED272F1F79E68F007E0427 /* UIViewTest */ = {
			isa = PBXNativeTarget;
			buildConfigurationList = CEED27421F79E68F007E0427 /* Build configuration list for PBXNativeTarget "UIViewTest" */;
			buildPhases = (
				CEED272C1F79E68F007E0427 /* Sources */,
				CEED272D1F79E68F007E0427 /* Frameworks */,
				CEED272E1F79E68F007E0427 /* Resources */,
			);
			buildRules = (
			);
			dependencies = (
			);
			name = UIViewTest;
			productName = UIViewTest;
			productReference = CEED27301F79E68F007E0427 /* UIViewTest.app */;
			productType = "com.apple.product-type.application";
		};
/* End PBXNativeTarget section */

/* Begin PBXProject section */
		CEED27281F79E68F007E0427 /* Project object */ = {
			isa = PBXProject;
			attributes = {
				LastSwiftUpdateCheck = 0900;
				LastUpgradeCheck = 0900;
				ORGANIZATIONNAME = "SONGYEE SHIN";
				TargetAttributes = {
					CEED272F1F79E68F007E0427 = {
						CreatedOnToolsVersion = 9.0;
						ProvisioningStyle = Automatic;
					};
				};
			};
			buildConfigurationList = CEED272B1F79E68F007E0427 /* Build configuration list for PBXProject "UIViewTest" */;
			compatibilityVersion = "Xcode 8.0";
			developmentRegion = en;
			hasScannedForEncodings = 0;
			knownRegions = (
				en,
				Base,
			);
			mainGroup = CEED27271F79E68F007E0427;
			productRefGroup = CEED27311F79E68F007E0427 /* Products */;
			projectDirPath = "";
			projectRoot = "";
			targets = (
				CEED272F1F79E68F007E0427 /* UIViewTest */,
			);
		};
/* End PBXProject section */

/* Begin PBXResourcesBuildPhase section */
		CEED272E1F79E68F007E0427 /* Resources */ = {
			isa = PBXResourcesBuildPhase;
			buildActionMask = 2147483647;
			files = (
				CEED273E1F79E68F007E0427 /* LaunchScreen.storyboard in Resources */,
				CEED273B1F79E68F007E0427 /* Assets.xcassets in Resources */,
				CEED27391F79E68F007E0427 /* Main.storyboard in Resources */,
			);
			runOnlyForDeploymentPostprocessing = 0;
		};
/* End PBXResourcesBuildPhase section */

/* Begin PBXSourcesBuildPhase section */
		CEED272C1F79E68F007E0427 /* Sources */ = {
			isa = PBXSourcesBuildPhase;
			buildActionMask = 2147483647;
			files = (
				CEB489291F7A1A4F0086EF61 /* NewViewController.swift in Sources */,
				CEB4892B1F7A22920086EF61 /* UIButtonOneViewController.swift in Sources */,
				CEED27361F79E68F007E0427 /* ViewController.swift in Sources */,
				CEB4892D1F7A67110086EF61 /* ButtonConvertViewController.swift in Sources */,
				CEED27341F79E68F007E0427 /* AppDelegate.swift in Sources */,
			);
			runOnlyForDeploymentPostprocessing = 0;
		};
/* End PBXSourcesBuildPhase section */

/* Begin PBXVariantGroup section */
		CEED27371F79E68F007E0427 /* Main.storyboard */ = {
			isa = PBXVariantGroup;
			children = (
				CEED27381F79E68F007E0427 /* Base */,
			);
			name = Main.storyboard;
			sourceTree = "<group>";
		};
		CEED273C1F79E68F007E0427 /* LaunchScreen.storyboard */ = {
			isa = PBXVariantGroup;
			children = (
				CEED273D1F79E68F007E0427 /* Base */,
			);
			name = LaunchScreen.storyboard;
			sourceTree = "<group>";
		};
/* End PBXVariantGroup section */

/* Begin XCBuildConfiguration section */
		CEED27401F79E68F007E0427 /* Debug */ = {
			isa = XCBuildConfiguration;
			buildSettings = {
				ALWAYS_SEARCH_USER_PATHS = NO;
				CLANG_ANALYZER_NONNULL = YES;
				CLANG_ANALYZER_NUMBER_OBJECT_CONVERSION = YES_AGGRESSIVE;
				CLANG_CXX_LANGUAGE_STANDARD = "gnu++14";
				CLANG_CXX_LIBRARY = "libc++";
				CLANG_ENABLE_MODULES = YES;
				CLANG_ENABLE_OBJC_ARC = YES;
				CLANG_WARN_BLOCK_CAPTURE_AUTORELEASING = YES;
				CLANG_WARN_BOOL_CONVERSION = YES;
				CLANG_WARN_COMMA = YES;
				CLANG_WARN_CONSTANT_CONVERSION = YES;
				CLANG_WARN_DIRECT_OBJC_ISA_USAGE = YES_ERROR;
				CLANG_WARN_DOCUMENTATION_COMMENTS = YES;
				CLANG_WARN_EMPTY_BODY = YES;
				CLANG_WARN_ENUM_CONVERSION = YES;
				CLANG_WARN_INFINITE_RECURSION = YES;
				CLANG_WARN_INT_CONVERSION = YES;
				CLANG_WARN_NON_LITERAL_NULL_CONVERSION = YES;
				CLANG_WARN_OBJC_LITERAL_CONVERSION = YES;
				CLANG_WARN_OBJC_ROOT_CLASS = YES_ERROR;
				CLANG_WARN_RANGE_LOOP_ANALYSIS = YES;
				CLANG_WARN_STRICT_PROTOTYPES = YES;
				CLANG_WARN_SUSPICIOUS_MOVE = YES;
				CLANG_WARN_UNGUARDED_AVAILABILITY = YES_AGGRESSIVE;
				CLANG_WARN_UNREACHABLE_CODE = YES;
				CLANG_WARN__DUPLICATE_METHOD_MATCH = YES;
				CODE_SIGN_IDENTITY = "iPhone Developer";
				COPY_PHASE_STRIP = NO;
				DEBUG_INFORMATION_FORMAT = dwarf;
				ENABLE_STRICT_OBJC_MSGSEND = YES;
				ENABLE_TESTABILITY = YES;
				GCC_C_LANGUAGE_STANDARD = gnu11;
				GCC_DYNAMIC_NO_PIC = NO;
				GCC_NO_COMMON_BLOCKS = YES;
				GCC_OPTIMIZATION_LEVEL = 0;
				GCC_PREPROCESSOR_DEFINITIONS = (
					"DEBUG=1",
					"$(inherited)",
				);
				GCC_WARN_64_TO_32_BIT_CONVERSION = YES;
				GCC_WARN_ABOUT_RETURN_TYPE = YES_ERROR;
				GCC_WARN_UNDECLARED_SELECTOR = YES;
				GCC_WARN_UNINITIALIZED_AUTOS = YES_AGGRESSIVE;
				GCC_WARN_UNUSED_FUNCTION = YES;
				GCC_WARN_UNUSED_VARIABLE = YES;
				IPHONEOS_DEPLOYMENT_TARGET = 11.0;
				MTL_ENABLE_DEBUG_INFO = YES;
				ONLY_ACTIVE_ARCH = YES;
				SDKROOT = iphoneos;
				SWIFT_ACTIVE_COMPILATION_CONDITIONS = DEBUG;
				SWIFT_OPTIMIZATION_LEVEL = "-Onone";
			};
			name = Debug;
		};
		CEED27411F79E68F007E0427 /* Release */ = {
			isa = XCBuildConfiguration;
			buildSettings = {
				ALWAYS_SEARCH_USER_PATHS = NO;
				CLANG_ANALYZER_NONNULL = YES;
				CLANG_ANALYZER_NUMBER_OBJECT_CONVERSION = YES_AGGRESSIVE;
				CLANG_CXX_LANGUAGE_STANDARD = "gnu++14";
				CLANG_CXX_LIBRARY = "libc++";
				CLANG_ENABLE_MODULES = YES;
				CLANG_ENABLE_OBJC_ARC = YES;
				CLANG_WARN_BLOCK_CAPTURE_AUTORELEASING = YES;
				CLANG_WARN_BOOL_CONVERSION = YES;
				CLANG_WARN_COMMA = YES;
				CLANG_WARN_CONSTANT_CONVERSION = YES;
				CLANG_WARN_DIRECT_OBJC_ISA_USAGE = YES_ERROR;
				CLANG_WARN_DOCUMENTATION_COMMENTS = YES;
				CLANG_WARN_EMPTY_BODY = YES;
				CLANG_WARN_ENUM_CONVERSION = YES;
				CLANG_WARN_INFINITE_RECURSION = YES;
				CLANG_WARN_INT_CONVERSION = YES;
				CLANG_WARN_NON_LITERAL_NULL_CONVERSION = YES;
				CLANG_WARN_OBJC_LITERAL_CONVERSION = YES;
				CLANG_WARN_OBJC_ROOT_CLASS = YES_ERROR;
				CLANG_WARN_RANGE_LOOP_ANALYSIS = YES;
				CLANG_WARN_STRICT_PROTOTYPES = YES;
				CLANG_WARN_SUSPICIOUS_MOVE = YES;
				CLANG_WARN_UNGUARDED_AVAILABILITY = YES_AGGRESSIVE;
				CLANG_WARN_UNREACHABLE_CODE = YES;
				CLANG_WARN__DUPLICATE_METHOD_MATCH = YES;
				CODE_SIGN_IDENTITY = "iPhone Developer";
				COPY_PHASE_STRIP = NO;
				DEBUG_INFORMATION_FORMAT = "dwarf-with-dsym";
				ENABLE_NS_ASSERTIONS = NO;
				ENABLE_STRICT_OBJC_MSGSEND = YES;
				GCC_C_LANGUAGE_STANDARD = gnu11;
				GCC_NO_COMMON_BLOCKS = YES;
				GCC_WARN_64_TO_32_BIT_CONVERSION = YES;
				GCC_WARN_ABOUT_RETURN_TYPE = YES_ERROR;
				GCC_WARN_UNDECLARED_SELECTOR = YES;
				GCC_WARN_UNINITIALIZED_AUTOS = YES_AGGRESSIVE;
				GCC_WARN_UNUSED_FUNCTION = YES;
				GCC_WARN_UNUSED_VARIABLE = YES;
				IPHONEOS_DEPLOYMENT_TARGET = 11.0;
				MTL_ENABLE_DEBUG_INFO = NO;
				SDKROOT = iphoneos;
				SWIFT_OPTIMIZATION_LEVEL = "-Owholemodule";
				VALIDATE_PRODUCT = YES;
			};
			name = Release;
		};
		CEED27431F79E68F007E0427 /* Debug */ = {
			isa = XCBuildConfiguration;
			buildSettings = {
				ASSETCATALOG_COMPILER_APPICON_NAME = AppIcon;
				CODE_SIGN_STYLE = Automatic;
				INFOPLIST_FILE = UIViewTest/Info.plist;
				LD_RUNPATH_SEARCH_PATHS = "$(inherited) @executable_path/Frameworks";
				PRODUCT_BUNDLE_IDENTIFIER = Hello.UIViewTest;
				PRODUCT_NAME = "$(TARGET_NAME)";
				SWIFT_VERSION = 4.0;
				TARGETED_DEVICE_FAMILY = "1,2";
			};
			name = Debug;
		};
		CEED27441F79E68F007E0427 /* Release */ = {
			isa = XCBuildConfiguration;
			buildSettings = {
				ASSETCATALOG_COMPILER_APPICON_NAME = AppIcon;
				CODE_SIGN_STYLE = Automatic;
				INFOPLIST_FILE = UIViewTest/Info.plist;
				LD_RUNPATH_SEARCH_PATHS = "$(inherited) @executable_path/Frameworks";
				PRODUCT_BUNDLE_IDENTIFIER = Hello.UIViewTest;
				PRODUCT_NAME = "$(TARGET_NAME)";
				SWIFT_VERSION = 4.0;
				TARGETED_DEVICE_FAMILY = "1,2";
			};
			name = Release;
		};
/* End XCBuildConfiguration section */

/* Begin XCConfigurationList section */
		CEED272B1F79E68F007E0427 /* Build configuration list for PBXProject "UIViewTest" */ = {
			isa = XCConfigurationList;
			buildConfigurations = (
				CEED27401F79E68F007E0427 /* Debug */,
				CEED27411F79E68F007E0427 /* Release */,
			);
			defaultConfigurationIsVisible = 0;
			defaultConfigurationName = Release;
		};
		CEED27421F79E68F007E0427 /* Build configuration list for PBXNativeTarget "UIViewTest" */ = {
			isa = XCConfigurationList;
			buildConfigurations = (
				CEED27431F79E68F007E0427 /* Debug */,
				CEED27441F79E68F007E0427 /* Release */,
			);
			defaultConfigurationIsVisible = 0;
			defaultConfigurationName = Release;
		};
/* End XCConfigurationList section */
	};
	rootObject = CEED27281F79E68F007E0427 /* Project object */;
}
