// !$*UTF8*$!
{
	archiveVersion = 1;
	classes = {
	};
	objectVersion = 46;
	objects = {

/* Begin PBXBuildFile section */
		CEFCF1291F6BBA2100F22042 /* AppDelegate.swift in Sources */ = {isa = PBXBuildFile; fileRef = CEFCF1281F6BBA2100F22042 /* AppDelegate.swift */; };
		CEFCF12B1F6BBA2100F22042 /* ViewController.swift in Sources */ = {isa = PBXBuildFile; fileRef = CEFCF12A1F6BBA2100F22042 /* ViewController.swift */; };
		CEFCF12E1F6BBA2100F22042 /* Main.storyboard in Resources */ = {isa = PBXBuildFile; fileRef = CEFCF12C1F6BBA2100F22042 /* Main.storyboard */; };
		CEFCF1301F6BBA2100F22042 /* Assets.xcassets in Resources */ = {isa = PBXBuildFile; fileRef = CEFCF12F1F6BBA2100F22042 /* Assets.xcassets */; };
		CEFCF1331F6BBA2100F22042 /* LaunchScreen.storyboard in Resources */ = {isa = PBXBuildFile; fileRef = CEFCF1311F6BBA2100F22042 /* LaunchScreen.storyboard */; };
		CEFCF13B1F6BBA5E00F22042 /* Student.swift in Sources */ = {isa = PBXBuildFile; fileRef = CEFCF13A1F6BBA5E00F22042 /* Student.swift */; };
		CEFCF13D1F6BBA8A00F22042 /* Pocketmon.swift in Sources */ = {isa = PBXBuildFile; fileRef = CEFCF13C1F6BBA8A00F22042 /* Pocketmon.swift */; };
		CEFCF13F1F6BBAD700F22042 /* Subject.swift in Sources */ = {isa = PBXBuildFile; fileRef = CEFCF13E1F6BBAD700F22042 /* Subject.swift */; };
		CEFCF1411F6BBAF500F22042 /* SubjectCalculation.swift in Sources */ = {isa = PBXBuildFile; fileRef = CEFCF1401F6BBAF500F22042 /* SubjectCalculation.swift */; };
/* End PBXBuildFile section */

/* Begin PBXFileReference section */
		CEFCF1251F6BBA2100F22042 /* sepFourteenLecture.app */ = {isa = PBXFileReference; explicitFileType = wrapper.application; includeInIndex = 0; path = sepFourteenLecture.app; sourceTree = BUILT_PRODUCTS_DIR; };
		CEFCF1281F6BBA2100F22042 /* AppDelegate.swift */ = {isa = PBXFileReference; lastKnownFileType = sourcecode.swift; path = AppDelegate.swift; sourceTree = "<group>"; };
		CEFCF12A1F6BBA2100F22042 /* ViewController.swift */ = {isa = PBXFileReference; lastKnownFileType = sourcecode.swift; path = ViewController.swift; sourceTree = "<group>"; };
		CEFCF12D1F6BBA2100F22042 /* Base */ = {isa = PBXFileReference; lastKnownFileType = file.storyboard; name = Base; path = Base.lproj/Main.storyboard; sourceTree = "<group>"; };
		CEFCF12F1F6BBA2100F22042 /* Assets.xcassets */ = {isa = PBXFileReference; lastKnownFileType = folder.assetcatalog; path = Assets.xcassets; sourceTree = "<group>"; };
		CEFCF1321F6BBA2100F22042 /* Base */ = {isa = PBXFileReference; lastKnownFileType = file.storyboard; name = Base; path = Base.lproj/LaunchScreen.storyboard; sourceTree = "<group>"; };
		CEFCF1341F6BBA2100F22042 /* Info.plist */ = {isa = PBXFileReference; lastKnownFileType = text.plist.xml; path = Info.plist; sourceTree = "<group>"; };
		CEFCF13A1F6BBA5E00F22042 /* Student.swift */ = {isa = PBXFileReference; fileEncoding = 4; lastKnownFileType = sourcecode.swift; path = Student.swift; sourceTree = "<group>"; };
		CEFCF13C1F6BBA8A00F22042 /* Pocketmon.swift */ = {isa = PBXFileReference; fileEncoding = 4; lastKnownFileType = sourcecode.swift; path = Pocketmon.swift; sourceTree = "<group>"; };
		CEFCF13E1F6BBAD700F22042 /* Subject.swift */ = {isa = PBXFileReference; fileEncoding = 4; lastKnownFileType = sourcecode.swift; path = Subject.swift; sourceTree = "<group>"; };
		CEFCF1401F6BBAF500F22042 /* SubjectCalculation.swift */ = {isa = PBXFileReference; fileEncoding = 4; lastKnownFileType = sourcecode.swift; path = SubjectCalculation.swift; sourceTree = "<group>"; };
/* End PBXFileReference section */

/* Begin PBXFrameworksBuildPhase section */
		CEFCF1221F6BBA2100F22042 /* Frameworks */ = {
			isa = PBXFrameworksBuildPhase;
			buildActionMask = 2147483647;
			files = (
			);
			runOnlyForDeploymentPostprocessing = 0;
		};
/* End PBXFrameworksBuildPhase section */

/* Begin PBXGroup section */
		CEFCF11C1F6BBA2100F22042 = {
			isa = PBXGroup;
			children = (
				CEFCF1271F6BBA2100F22042 /* sepFourteenLecture */,
				CEFCF1261F6BBA2100F22042 /* Products */,
			);
			sourceTree = "<group>";
		};
		CEFCF1261F6BBA2100F22042 /* Products */ = {
			isa = PBXGroup;
			children = (
				CEFCF1251F6BBA2100F22042 /* sepFourteenLecture.app */,
			);
			name = Products;
			sourceTree = "<group>";
		};
		CEFCF1271F6BBA2100F22042 /* sepFourteenLecture */ = {
			isa = PBXGroup;
			children = (
				CEFCF1281F6BBA2100F22042 /* AppDelegate.swift */,
				CEFCF12A1F6BBA2100F22042 /* ViewController.swift */,
				CEFCF13A1F6BBA5E00F22042 /* Student.swift */,
				CEFCF13C1F6BBA8A00F22042 /* Pocketmon.swift */,
				CEFCF12C1F6BBA2100F22042 /* Main.storyboard */,
				CEFCF13E1F6BBAD700F22042 /* Subject.swift */,
				CEFCF1401F6BBAF500F22042 /* SubjectCalculation.swift */,
				CEFCF12F1F6BBA2100F22042 /* Assets.xcassets */,
				CEFCF1311F6BBA2100F22042 /* LaunchScreen.storyboard */,
				CEFCF1341F6BBA2100F22042 /* Info.plist */,
			);
			path = sepFourteenLecture;
			sourceTree = "<group>";
		};
/* End PBXGroup section */

/* Begin PBXNativeTarget section */
		CEFCF1241F6BBA2100F22042 /* sepFourteenLecture */ = {
			isa = PBXNativeTarget;
			buildConfigurationList = CEFCF1371F6BBA2100F22042 /* Build configuration list for PBXNativeTarget "sepFourteenLecture" */;
			buildPhases = (
				CEFCF1211F6BBA2100F22042 /* Sources */,
				CEFCF1221F6BBA2100F22042 /* Frameworks */,
				CEFCF1231F6BBA2100F22042 /* Resources */,
			);
			buildRules = (
			);
			dependencies = (
			);
			name = sepFourteenLecture;
			productName = sepFourteenLecture;
			productReference = CEFCF1251F6BBA2100F22042 /* sepFourteenLecture.app */;
			productType = "com.apple.product-type.application";
		};
/* End PBXNativeTarget section */

/* Begin PBXProject section */
		CEFCF11D1F6BBA2100F22042 /* Project object */ = {
			isa = PBXProject;
			attributes = {
				LastSwiftUpdateCheck = 0830;
				LastUpgradeCheck = 0830;
				ORGANIZATIONNAME = "SONGYEE SHIN";
				TargetAttributes = {
					CEFCF1241F6BBA2100F22042 = {
						CreatedOnToolsVersion = 8.3.3;
						ProvisioningStyle = Automatic;
					};
				};
			};
			buildConfigurationList = CEFCF1201F6BBA2100F22042 /* Build configuration list for PBXProject "sepFourteenLecture" */;
			compatibilityVersion = "Xcode 3.2";
			developmentRegion = English;
			hasScannedForEncodings = 0;
			knownRegions = (
				en,
				Base,
			);
			mainGroup = CEFCF11C1F6BBA2100F22042;
			productRefGroup = CEFCF1261F6BBA2100F22042 /* Products */;
			projectDirPath = "";
			projectRoot = "";
			targets = (
				CEFCF1241F6BBA2100F22042 /* sepFourteenLecture */,
			);
		};
/* End PBXProject section */

/* Begin PBXResourcesBuildPhase section */
		CEFCF1231F6BBA2100F22042 /* Resources */ = {
			isa = PBXResourcesBuildPhase;
			buildActionMask = 2147483647;
			files = (
				CEFCF1331F6BBA2100F22042 /* LaunchScreen.storyboard in Resources */,
				CEFCF1301F6BBA2100F22042 /* Assets.xcassets in Resources */,
				CEFCF12E1F6BBA2100F22042 /* Main.storyboard in Resources */,
			);
			runOnlyForDeploymentPostprocessing = 0;
		};
/* End PBXResourcesBuildPhase section */

/* Begin PBXSourcesBuildPhase section */
		CEFCF1211F6BBA2100F22042 /* Sources */ = {
			isa = PBXSourcesBuildPhase;
			buildActionMask = 2147483647;
			files = (
				CEFCF12B1F6BBA2100F22042 /* ViewController.swift in Sources */,
				CEFCF13F1F6BBAD700F22042 /* Subject.swift in Sources */,
				CEFCF1411F6BBAF500F22042 /* SubjectCalculation.swift in Sources */,
				CEFCF13B1F6BBA5E00F22042 /* Student.swift in Sources */,
				CEFCF13D1F6BBA8A00F22042 /* Pocketmon.swift in Sources */,
				CEFCF1291F6BBA2100F22042 /* AppDelegate.swift in Sources */,
			);
			runOnlyForDeploymentPostprocessing = 0;
		};
/* End PBXSourcesBuildPhase section */

/* Begin PBXVariantGroup section */
		CEFCF12C1F6BBA2100F22042 /* Main.storyboard */ = {
			isa = PBXVariantGroup;
			children = (
				CEFCF12D1F6BBA2100F22042 /* Base */,
			);
			name = Main.storyboard;
			sourceTree = "<group>";
		};
		CEFCF1311F6BBA2100F22042 /* LaunchScreen.storyboard */ = {
			isa = PBXVariantGroup;
			children = (
				CEFCF1321F6BBA2100F22042 /* Base */,
			);
			name = LaunchScreen.storyboard;
			sourceTree = "<group>";
		};
/* End PBXVariantGroup section */

/* Begin XCBuildConfiguration section */
		CEFCF1351F6BBA2100F22042 /* Debug */ = {
			isa = XCBuildConfiguration;
			buildSettings = {
				ALWAYS_SEARCH_USER_PATHS = NO;
				CLANG_ANALYZER_NONNULL = YES;
				CLANG_ANALYZER_NUMBER_OBJECT_CONVERSION = YES_AGGRESSIVE;
				CLANG_CXX_LANGUAGE_STANDARD = "gnu++0x";
				CLANG_CXX_LIBRARY = "libc++";
				CLANG_ENABLE_MODULES = YES;
				CLANG_ENABLE_OBJC_ARC = YES;
				CLANG_WARN_BOOL_CONVERSION = YES;
				CLANG_WARN_CONSTANT_CONVERSION = YES;
				CLANG_WARN_DIRECT_OBJC_ISA_USAGE = YES_ERROR;
				CLANG_WARN_DOCUMENTATION_COMMENTS = YES;
				CLANG_WARN_EMPTY_BODY = YES;
				CLANG_WARN_ENUM_CONVERSION = YES;
				CLANG_WARN_INFINITE_RECURSION = YES;
				CLANG_WARN_INT_CONVERSION = YES;
				CLANG_WARN_OBJC_ROOT_CLASS = YES_ERROR;
				CLANG_WARN_SUSPICIOUS_MOVE = YES;
				CLANG_WARN_UNREACHABLE_CODE = YES;
				CLANG_WARN__DUPLICATE_METHOD_MATCH = YES;
				"CODE_SIGN_IDENTITY[sdk=iphoneos*]" = "iPhone Developer";
				COPY_PHASE_STRIP = NO;
				DEBUG_INFORMATION_FORMAT = dwarf;
				ENABLE_STRICT_OBJC_MSGSEND = YES;
				ENABLE_TESTABILITY = YES;
				GCC_C_LANGUAGE_STANDARD = gnu99;
				GCC_DYNAMIC_NO_PIC = NO;
				GCC_NO_COMMON_BLOCKS = YES;
				GCC_OPTIMIZATION_LEVEL = 0;
				GCC_PREPROCESSOR_DEFINITIONS = (
					"DEBUG=1",
					"$(inherited)",
				);
				GCC_WARN_64_TO_32_BIT_CONVERSION = YES;
				GCC_WARN_ABOUT_RETURN_TYPE = YES_ERROR;
				GCC_WARN_UNDECLARED_SELECTOR = YES;
				GCC_WARN_UNINITIALIZED_AUTOS = YES_AGGRESSIVE;
				GCC_WARN_UNUSED_FUNCTION = YES;
				GCC_WARN_UNUSED_VARIABLE = YES;
				IPHONEOS_DEPLOYMENT_TARGET = 10.3;
				MTL_ENABLE_DEBUG_INFO = YES;
				ONLY_ACTIVE_ARCH = YES;
				SDKROOT = iphoneos;
				SWIFT_ACTIVE_COMPILATION_CONDITIONS = DEBUG;
				SWIFT_OPTIMIZATION_LEVEL = "-Onone";
			};
			name = Debug;
		};
		CEFCF1361F6BBA2100F22042 /* Release */ = {
			isa = XCBuildConfiguration;
			buildSettings = {
				ALWAYS_SEARCH_USER_PATHS = NO;
				CLANG_ANALYZER_NONNULL = YES;
				CLANG_ANALYZER_NUMBER_OBJECT_CONVERSION = YES_AGGRESSIVE;
				CLANG_CXX_LANGUAGE_STANDARD = "gnu++0x";
				CLANG_CXX_LIBRARY = "libc++";
				CLANG_ENABLE_MODULES = YES;
				CLANG_ENABLE_OBJC_ARC = YES;
				CLANG_WARN_BOOL_CONVERSION = YES;
				CLANG_WARN_CONSTANT_CONVERSION = YES;
				CLANG_WARN_DIRECT_OBJC_ISA_USAGE = YES_ERROR;
				CLANG_WARN_DOCUMENTATION_COMMENTS = YES;
				CLANG_WARN_EMPTY_BODY = YES;
				CLANG_WARN_ENUM_CONVERSION = YES;
				CLANG_WARN_INFINITE_RECURSION = YES;
				CLANG_WARN_INT_CONVERSION = YES;
				CLANG_WARN_OBJC_ROOT_CLASS = YES_ERROR;
				CLANG_WARN_SUSPICIOUS_MOVE = YES;
				CLANG_WARN_UNREACHABLE_CODE = YES;
				CLANG_WARN__DUPLICATE_METHOD_MATCH = YES;
				"CODE_SIGN_IDENTITY[sdk=iphoneos*]" = "iPhone Developer";
				COPY_PHASE_STRIP = NO;
				DEBUG_INFORMATION_FORMAT = "dwarf-with-dsym";
				ENABLE_NS_ASSERTIONS = NO;
				ENABLE_STRICT_OBJC_MSGSEND = YES;
				GCC_C_LANGUAGE_STANDARD = gnu99;
				GCC_NO_COMMON_BLOCKS = YES;
				GCC_WARN_64_TO_32_BIT_CONVERSION = YES;
				GCC_WARN_ABOUT_RETURN_TYPE = YES_ERROR;
				GCC_WARN_UNDECLARED_SELECTOR = YES;
				GCC_WARN_UNINITIALIZED_AUTOS = YES_AGGRESSIVE;
				GCC_WARN_UNUSED_FUNCTION = YES;
				GCC_WARN_UNUSED_VARIABLE = YES;
				IPHONEOS_DEPLOYMENT_TARGET = 10.3;
				MTL_ENABLE_DEBUG_INFO = NO;
				SDKROOT = iphoneos;
				SWIFT_OPTIMIZATION_LEVEL = "-Owholemodule";
				VALIDATE_PRODUCT = YES;
			};
			name = Release;
		};
		CEFCF1381F6BBA2100F22042 /* Debug */ = {
			isa = XCBuildConfiguration;
			buildSettings = {
				ASSETCATALOG_COMPILER_APPICON_NAME = AppIcon;
				INFOPLIST_FILE = sepFourteenLecture/Info.plist;
				LD_RUNPATH_SEARCH_PATHS = "$(inherited) @executable_path/Frameworks";
				PRODUCT_BUNDLE_IDENTIFIER = Hello.sepFourteenLecture;
				PRODUCT_NAME = "$(TARGET_NAME)";
				SWIFT_VERSION = 3.0;
			};
			name = Debug;
		};
		CEFCF1391F6BBA2100F22042 /* Release */ = {
			isa = XCBuildConfiguration;
			buildSettings = {
				ASSETCATALOG_COMPILER_APPICON_NAME = AppIcon;
				INFOPLIST_FILE = sepFourteenLecture/Info.plist;
				LD_RUNPATH_SEARCH_PATHS = "$(inherited) @executable_path/Frameworks";
				PRODUCT_BUNDLE_IDENTIFIER = Hello.sepFourteenLecture;
				PRODUCT_NAME = "$(TARGET_NAME)";
				SWIFT_VERSION = 3.0;
			};
			name = Release;
		};
/* End XCBuildConfiguration section */

/* Begin XCConfigurationList section */
		CEFCF1201F6BBA2100F22042 /* Build configuration list for PBXProject "sepFourteenLecture" */ = {
			isa = XCConfigurationList;
			buildConfigurations = (
				CEFCF1351F6BBA2100F22042 /* Debug */,
				CEFCF1361F6BBA2100F22042 /* Release */,
			);
			defaultConfigurationIsVisible = 0;
			defaultConfigurationName = Release;
		};
		CEFCF1371F6BBA2100F22042 /* Build configuration list for PBXNativeTarget "sepFourteenLecture" */ = {
			isa = XCConfigurationList;
			buildConfigurations = (
				CEFCF1381F6BBA2100F22042 /* Debug */,
				CEFCF1391F6BBA2100F22042 /* Release */,
			);
			defaultConfigurationIsVisible = 0;
		};
/* End XCConfigurationList section */
	};
	rootObject = CEFCF11D1F6BBA2100F22042 /* Project object */;
}
