// !$*UTF8*$!
{
	archiveVersion = 1;
	classes = {
	};
	objectVersion = 48;
	objects = {

/* Begin PBXBuildFile section */
		CEC9A1771FA2C21E0097D2B0 /* AppDelegate.swift in Sources */ = {isa = PBXBuildFile; fileRef = CEC9A1761FA2C21E0097D2B0 /* AppDelegate.swift */; };
		CEC9A1791FA2C21E0097D2B0 /* ViewController.swift in Sources */ = {isa = PBXBuildFile; fileRef = CEC9A1781FA2C21E0097D2B0 /* ViewController.swift */; };
		CEC9A17C1FA2C21E0097D2B0 /* Main.storyboard in Resources */ = {isa = PBXBuildFile; fileRef = CEC9A17A1FA2C21E0097D2B0 /* Main.storyboard */; };
		CEC9A17E1FA2C21E0097D2B0 /* Assets.xcassets in Resources */ = {isa = PBXBuildFile; fileRef = CEC9A17D1FA2C21E0097D2B0 /* Assets.xcassets */; };
		CEC9A1811FA2C21E0097D2B0 /* LaunchScreen.storyboard in Resources */ = {isa = PBXBuildFile; fileRef = CEC9A17F1FA2C21E0097D2B0 /* LaunchScreen.storyboard */; };
		CEC9A1891FA2C3A30097D2B0 /* CustomCollectionViewCell.swift in Sources */ = {isa = PBXBuildFile; fileRef = CEC9A1881FA2C3A30097D2B0 /* CustomCollectionViewCell.swift */; };
		CEC9A18B1FA2D8860097D2B0 /* File.swift in Sources */ = {isa = PBXBuildFile; fileRef = CEC9A18A1FA2D8860097D2B0 /* File.swift */; };
/* End PBXBuildFile section */

/* Begin PBXFileReference section */
		CEC9A1731FA2C21E0097D2B0 /* CollectionViewAndGesture.app */ = {isa = PBXFileReference; explicitFileType = wrapper.application; includeInIndex = 0; path = CollectionViewAndGesture.app; sourceTree = BUILT_PRODUCTS_DIR; };
		CEC9A1761FA2C21E0097D2B0 /* AppDelegate.swift */ = {isa = PBXFileReference; lastKnownFileType = sourcecode.swift; path = AppDelegate.swift; sourceTree = "<group>"; };
		CEC9A1781FA2C21E0097D2B0 /* ViewController.swift */ = {isa = PBXFileReference; lastKnownFileType = sourcecode.swift; path = ViewController.swift; sourceTree = "<group>"; };
		CEC9A17B1FA2C21E0097D2B0 /* Base */ = {isa = PBXFileReference; lastKnownFileType = file.storyboard; name = Base; path = Base.lproj/Main.storyboard; sourceTree = "<group>"; };
		CEC9A17D1FA2C21E0097D2B0 /* Assets.xcassets */ = {isa = PBXFileReference; lastKnownFileType = folder.assetcatalog; path = Assets.xcassets; sourceTree = "<group>"; };
		CEC9A1801FA2C21E0097D2B0 /* Base */ = {isa = PBXFileReference; lastKnownFileType = file.storyboard; name = Base; path = Base.lproj/LaunchScreen.storyboard; sourceTree = "<group>"; };
		CEC9A1821FA2C21E0097D2B0 /* Info.plist */ = {isa = PBXFileReference; lastKnownFileType = text.plist.xml; path = Info.plist; sourceTree = "<group>"; };
		CEC9A1881FA2C3A30097D2B0 /* CustomCollectionViewCell.swift */ = {isa = PBXFileReference; lastKnownFileType = sourcecode.swift; path = CustomCollectionViewCell.swift; sourceTree = "<group>"; };
		CEC9A18A1FA2D8860097D2B0 /* File.swift */ = {isa = PBXFileReference; lastKnownFileType = sourcecode.swift; path = File.swift; sourceTree = "<group>"; };
/* End PBXFileReference section */

/* Begin PBXFrameworksBuildPhase section */
		CEC9A1701FA2C21E0097D2B0 /* Frameworks */ = {
			isa = PBXFrameworksBuildPhase;
			buildActionMask = 2147483647;
			files = (
			);
			runOnlyForDeploymentPostprocessing = 0;
		};
/* End PBXFrameworksBuildPhase section */

/* Begin PBXGroup section */
		CEC9A16A1FA2C21E0097D2B0 = {
			isa = PBXGroup;
			children = (
				CEC9A1751FA2C21E0097D2B0 /* CollectionViewAndGesture */,
				CEC9A1741FA2C21E0097D2B0 /* Products */,
			);
			sourceTree = "<group>";
		};
		CEC9A1741FA2C21E0097D2B0 /* Products */ = {
			isa = PBXGroup;
			children = (
				CEC9A1731FA2C21E0097D2B0 /* CollectionViewAndGesture.app */,
			);
			name = Products;
			sourceTree = "<group>";
		};
		CEC9A1751FA2C21E0097D2B0 /* CollectionViewAndGesture */ = {
			isa = PBXGroup;
			children = (
				CEC9A1761FA2C21E0097D2B0 /* AppDelegate.swift */,
				CEC9A1781FA2C21E0097D2B0 /* ViewController.swift */,
				CEC9A18A1FA2D8860097D2B0 /* File.swift */,
				CEC9A1881FA2C3A30097D2B0 /* CustomCollectionViewCell.swift */,
				CEC9A17A1FA2C21E0097D2B0 /* Main.storyboard */,
				CEC9A17D1FA2C21E0097D2B0 /* Assets.xcassets */,
				CEC9A17F1FA2C21E0097D2B0 /* LaunchScreen.storyboard */,
				CEC9A1821FA2C21E0097D2B0 /* Info.plist */,
			);
			path = CollectionViewAndGesture;
			sourceTree = "<group>";
		};
/* End PBXGroup section */

/* Begin PBXNativeTarget section */
		CEC9A1721FA2C21E0097D2B0 /* CollectionViewAndGesture */ = {
			isa = PBXNativeTarget;
			buildConfigurationList = CEC9A1851FA2C21E0097D2B0 /* Build configuration list for PBXNativeTarget "CollectionViewAndGesture" */;
			buildPhases = (
				CEC9A16F1FA2C21E0097D2B0 /* Sources */,
				CEC9A1701FA2C21E0097D2B0 /* Frameworks */,
				CEC9A1711FA2C21E0097D2B0 /* Resources */,
			);
			buildRules = (
			);
			dependencies = (
			);
			name = CollectionViewAndGesture;
			productName = CollectionViewAndGesture;
			productReference = CEC9A1731FA2C21E0097D2B0 /* CollectionViewAndGesture.app */;
			productType = "com.apple.product-type.application";
		};
/* End PBXNativeTarget section */

/* Begin PBXProject section */
		CEC9A16B1FA2C21E0097D2B0 /* Project object */ = {
			isa = PBXProject;
			attributes = {
				LastSwiftUpdateCheck = 0900;
				LastUpgradeCheck = 0900;
				ORGANIZATIONNAME = "SONGYEE SHIN";
				TargetAttributes = {
					CEC9A1721FA2C21E0097D2B0 = {
						CreatedOnToolsVersion = 9.0.1;
						ProvisioningStyle = Automatic;
					};
				};
			};
			buildConfigurationList = CEC9A16E1FA2C21E0097D2B0 /* Build configuration list for PBXProject "CollectionViewAndGesture" */;
			compatibilityVersion = "Xcode 8.0";
			developmentRegion = en;
			hasScannedForEncodings = 0;
			knownRegions = (
				en,
				Base,
			);
			mainGroup = CEC9A16A1FA2C21E0097D2B0;
			productRefGroup = CEC9A1741FA2C21E0097D2B0 /* Products */;
			projectDirPath = "";
			projectRoot = "";
			targets = (
				CEC9A1721FA2C21E0097D2B0 /* CollectionViewAndGesture */,
			);
		};
/* End PBXProject section */

/* Begin PBXResourcesBuildPhase section */
		CEC9A1711FA2C21E0097D2B0 /* Resources */ = {
			isa = PBXResourcesBuildPhase;
			buildActionMask = 2147483647;
			files = (
				CEC9A1811FA2C21E0097D2B0 /* LaunchScreen.storyboard in Resources */,
				CEC9A17E1FA2C21E0097D2B0 /* Assets.xcassets in Resources */,
				CEC9A17C1FA2C21E0097D2B0 /* Main.storyboard in Resources */,
			);
			runOnlyForDeploymentPostprocessing = 0;
		};
/* End PBXResourcesBuildPhase section */

/* Begin PBXSourcesBuildPhase section */
		CEC9A16F1FA2C21E0097D2B0 /* Sources */ = {
			isa = PBXSourcesBuildPhase;
			buildActionMask = 2147483647;
			files = (
				CEC9A1791FA2C21E0097D2B0 /* ViewController.swift in Sources */,
				CEC9A18B1FA2D8860097D2B0 /* File.swift in Sources */,
				CEC9A1891FA2C3A30097D2B0 /* CustomCollectionViewCell.swift in Sources */,
				CEC9A1771FA2C21E0097D2B0 /* AppDelegate.swift in Sources */,
			);
			runOnlyForDeploymentPostprocessing = 0;
		};
/* End PBXSourcesBuildPhase section */

/* Begin PBXVariantGroup section */
		CEC9A17A1FA2C21E0097D2B0 /* Main.storyboard */ = {
			isa = PBXVariantGroup;
			children = (
				CEC9A17B1FA2C21E0097D2B0 /* Base */,
			);
			name = Main.storyboard;
			sourceTree = "<group>";
		};
		CEC9A17F1FA2C21E0097D2B0 /* LaunchScreen.storyboard */ = {
			isa = PBXVariantGroup;
			children = (
				CEC9A1801FA2C21E0097D2B0 /* Base */,
			);
			name = LaunchScreen.storyboard;
			sourceTree = "<group>";
		};
/* End PBXVariantGroup section */

/* Begin XCBuildConfiguration section */
		CEC9A1831FA2C21E0097D2B0 /* Debug */ = {
			isa = XCBuildConfiguration;
			buildSettings = {
				ALWAYS_SEARCH_USER_PATHS = NO;
				CLANG_ANALYZER_NONNULL = YES;
				CLANG_ANALYZER_NUMBER_OBJECT_CONVERSION = YES_AGGRESSIVE;
				CLANG_CXX_LANGUAGE_STANDARD = "gnu++14";
				CLANG_CXX_LIBRARY = "libc++";
				CLANG_ENABLE_MODULES = YES;
				CLANG_ENABLE_OBJC_ARC = YES;
				CLANG_WARN_BLOCK_CAPTURE_AUTORELEASING = YES;
				CLANG_WARN_BOOL_CONVERSION = YES;
				CLANG_WARN_COMMA = YES;
				CLANG_WARN_CONSTANT_CONVERSION = YES;
				CLANG_WARN_DIRECT_OBJC_ISA_USAGE = YES_ERROR;
				CLANG_WARN_DOCUMENTATION_COMMENTS = YES;
				CLANG_WARN_EMPTY_BODY = YES;
				CLANG_WARN_ENUM_CONVERSION = YES;
				CLANG_WARN_INFINITE_RECURSION = YES;
				CLANG_WARN_INT_CONVERSION = YES;
				CLANG_WARN_NON_LITERAL_NULL_CONVERSION = YES;
				CLANG_WARN_OBJC_LITERAL_CONVERSION = YES;
				CLANG_WARN_OBJC_ROOT_CLASS = YES_ERROR;
				CLANG_WARN_RANGE_LOOP_ANALYSIS = YES;
				CLANG_WARN_STRICT_PROTOTYPES = YES;
				CLANG_WARN_SUSPICIOUS_MOVE = YES;
				CLANG_WARN_UNGUARDED_AVAILABILITY = YES_AGGRESSIVE;
				CLANG_WARN_UNREACHABLE_CODE = YES;
				CLANG_WARN__DUPLICATE_METHOD_MATCH = YES;
				CODE_SIGN_IDENTITY = "iPhone Developer";
				COPY_PHASE_STRIP = NO;
				DEBUG_INFORMATION_FORMAT = dwarf;
				ENABLE_STRICT_OBJC_MSGSEND = YES;
				ENABLE_TESTABILITY = YES;
				GCC_C_LANGUAGE_STANDARD = gnu11;
				GCC_DYNAMIC_NO_PIC = NO;
				GCC_NO_COMMON_BLOCKS = YES;
				GCC_OPTIMIZATION_LEVEL = 0;
				GCC_PREPROCESSOR_DEFINITIONS = (
					"DEBUG=1",
					"$(inherited)",
				);
				GCC_WARN_64_TO_32_BIT_CONVERSION = YES;
				GCC_WARN_ABOUT_RETURN_TYPE = YES_ERROR;
				GCC_WARN_UNDECLARED_SELECTOR = YES;
				GCC_WARN_UNINITIALIZED_AUTOS = YES_AGGRESSIVE;
				GCC_WARN_UNUSED_FUNCTION = YES;
				GCC_WARN_UNUSED_VARIABLE = YES;
				IPHONEOS_DEPLOYMENT_TARGET = 11.0;
				MTL_ENABLE_DEBUG_INFO = YES;
				ONLY_ACTIVE_ARCH = YES;
				SDKROOT = iphoneos;
				SWIFT_ACTIVE_COMPILATION_CONDITIONS = DEBUG;
				SWIFT_OPTIMIZATION_LEVEL = "-Onone";
			};
			name = Debug;
		};
		CEC9A1841FA2C21E0097D2B0 /* Release */ = {
			isa = XCBuildConfiguration;
			buildSettings = {
				ALWAYS_SEARCH_USER_PATHS = NO;
				CLANG_ANALYZER_NONNULL = YES;
				CLANG_ANALYZER_NUMBER_OBJECT_CONVERSION = YES_AGGRESSIVE;
				CLANG_CXX_LANGUAGE_STANDARD = "gnu++14";
				CLANG_CXX_LIBRARY = "libc++";
				CLANG_ENABLE_MODULES = YES;
				CLANG_ENABLE_OBJC_ARC = YES;
				CLANG_WARN_BLOCK_CAPTURE_AUTORELEASING = YES;
				CLANG_WARN_BOOL_CONVERSION = YES;
				CLANG_WARN_COMMA = YES;
				CLANG_WARN_CONSTANT_CONVERSION = YES;
				CLANG_WARN_DIRECT_OBJC_ISA_USAGE = YES_ERROR;
				CLANG_WARN_DOCUMENTATION_COMMENTS = YES;
				CLANG_WARN_EMPTY_BODY = YES;
				CLANG_WARN_ENUM_CONVERSION = YES;
				CLANG_WARN_INFINITE_RECURSION = YES;
				CLANG_WARN_INT_CONVERSION = YES;
				CLANG_WARN_NON_LITERAL_NULL_CONVERSION = YES;
				CLANG_WARN_OBJC_LITERAL_CONVERSION = YES;
				CLANG_WARN_OBJC_ROOT_CLASS = YES_ERROR;
				CLANG_WARN_RANGE_LOOP_ANALYSIS = YES;
				CLANG_WARN_STRICT_PROTOTYPES = YES;
				CLANG_WARN_SUSPICIOUS_MOVE = YES;
				CLANG_WARN_UNGUARDED_AVAILABILITY = YES_AGGRESSIVE;
				CLANG_WARN_UNREACHABLE_CODE = YES;
				CLANG_WARN__DUPLICATE_METHOD_MATCH = YES;
				CODE_SIGN_IDENTITY = "iPhone Developer";
				COPY_PHASE_STRIP = NO;
				DEBUG_INFORMATION_FORMAT = "dwarf-with-dsym";
				ENABLE_NS_ASSERTIONS = NO;
				ENABLE_STRICT_OBJC_MSGSEND = YES;
				GCC_C_LANGUAGE_STANDARD = gnu11;
				GCC_NO_COMMON_BLOCKS = YES;
				GCC_WARN_64_TO_32_BIT_CONVERSION = YES;
				GCC_WARN_ABOUT_RETURN_TYPE = YES_ERROR;
				GCC_WARN_UNDECLARED_SELECTOR = YES;
				GCC_WARN_UNINITIALIZED_AUTOS = YES_AGGRESSIVE;
				GCC_WARN_UNUSED_FUNCTION = YES;
				GCC_WARN_UNUSED_VARIABLE = YES;
				IPHONEOS_DEPLOYMENT_TARGET = 11.0;
				MTL_ENABLE_DEBUG_INFO = NO;
				SDKROOT = iphoneos;
				SWIFT_OPTIMIZATION_LEVEL = "-Owholemodule";
				VALIDATE_PRODUCT = YES;
			};
			name = Release;
		};
		CEC9A1861FA2C21E0097D2B0 /* Debug */ = {
			isa = XCBuildConfiguration;
			buildSettings = {
				ASSETCATALOG_COMPILER_APPICON_NAME = AppIcon;
				CODE_SIGN_STYLE = Automatic;
				INFOPLIST_FILE = CollectionViewAndGesture/Info.plist;
				LD_RUNPATH_SEARCH_PATHS = "$(inherited) @executable_path/Frameworks";
				PRODUCT_BUNDLE_IDENTIFIER = Hello.CollectionViewAndGesture;
				PRODUCT_NAME = "$(TARGET_NAME)";
				SWIFT_VERSION = 4.0;
				TARGETED_DEVICE_FAMILY = "1,2";
			};
			name = Debug;
		};
		CEC9A1871FA2C21E0097D2B0 /* Release */ = {
			isa = XCBuildConfiguration;
			buildSettings = {
				ASSETCATALOG_COMPILER_APPICON_NAME = AppIcon;
				CODE_SIGN_STYLE = Automatic;
				INFOPLIST_FILE = CollectionViewAndGesture/Info.plist;
				LD_RUNPATH_SEARCH_PATHS = "$(inherited) @executable_path/Frameworks";
				PRODUCT_BUNDLE_IDENTIFIER = Hello.CollectionViewAndGesture;
				PRODUCT_NAME = "$(TARGET_NAME)";
				SWIFT_VERSION = 4.0;
				TARGETED_DEVICE_FAMILY = "1,2";
			};
			name = Release;
		};
/* End XCBuildConfiguration section */

/* Begin XCConfigurationList section */
		CEC9A16E1FA2C21E0097D2B0 /* Build configuration list for PBXProject "CollectionViewAndGesture" */ = {
			isa = XCConfigurationList;
			buildConfigurations = (
				CEC9A1831FA2C21E0097D2B0 /* Debug */,
				CEC9A1841FA2C21E0097D2B0 /* Release */,
			);
			defaultConfigurationIsVisible = 0;
			defaultConfigurationName = Release;
		};
		CEC9A1851FA2C21E0097D2B0 /* Build configuration list for PBXNativeTarget "CollectionViewAndGesture" */ = {
			isa = XCConfigurationList;
			buildConfigurations = (
				CEC9A1861FA2C21E0097D2B0 /* Debug */,
				CEC9A1871FA2C21E0097D2B0 /* Release */,
			);
			defaultConfigurationIsVisible = 0;
			defaultConfigurationName = Release;
		};
/* End XCConfigurationList section */
	};
	rootObject = CEC9A16B1FA2C21E0097D2B0 /* Project object */;
}
