// !$*UTF8*$!
{
	archiveVersion = 1;
	classes = {
	};
	objectVersion = 48;
	objects = {

/* Begin PBXBuildFile section */
		CE96B4041FB3EFA9006EFAD2 /* CustomCell.swift in Sources */ = {isa = PBXBuildFile; fileRef = CE96B4031FB3EFA9006EFAD2 /* CustomCell.swift */; };
		CE96B4061FB3FDDC006EFAD2 /* PhotoViewController.swift in Sources */ = {isa = PBXBuildFile; fileRef = CE96B4051FB3FDDC006EFAD2 /* PhotoViewController.swift */; };
		CE96B4081FB3FF1D006EFAD2 /* PhotoModel.swift in Sources */ = {isa = PBXBuildFile; fileRef = CE96B4071FB3FF1D006EFAD2 /* PhotoModel.swift */; };
		CE96B40A1FB4276B006EFAD2 /* DataManage.swift in Sources */ = {isa = PBXBuildFile; fileRef = CE96B4091FB4276B006EFAD2 /* DataManage.swift */; };
		CEE661921FB3EB4300793660 /* AppDelegate.swift in Sources */ = {isa = PBXBuildFile; fileRef = CEE661911FB3EB4300793660 /* AppDelegate.swift */; };
		CEE661941FB3EB4300793660 /* TableViewController.swift in Sources */ = {isa = PBXBuildFile; fileRef = CEE661931FB3EB4300793660 /* TableViewController.swift */; };
		CEE661971FB3EB4300793660 /* Main.storyboard in Resources */ = {isa = PBXBuildFile; fileRef = CEE661951FB3EB4300793660 /* Main.storyboard */; };
		CEE661991FB3EB4300793660 /* Assets.xcassets in Resources */ = {isa = PBXBuildFile; fileRef = CEE661981FB3EB4300793660 /* Assets.xcassets */; };
		CEE6619C1FB3EB4300793660 /* LaunchScreen.storyboard in Resources */ = {isa = PBXBuildFile; fileRef = CEE6619A1FB3EB4300793660 /* LaunchScreen.storyboard */; };
/* End PBXBuildFile section */

/* Begin PBXFileReference section */
		CE96B4031FB3EFA9006EFAD2 /* CustomCell.swift */ = {isa = PBXFileReference; lastKnownFileType = sourcecode.swift; name = CustomCell.swift; path = SecondMain/View/CustomCell.swift; sourceTree = SOURCE_ROOT; };
		CE96B4051FB3FDDC006EFAD2 /* PhotoViewController.swift */ = {isa = PBXFileReference; lastKnownFileType = sourcecode.swift; path = PhotoViewController.swift; sourceTree = "<group>"; };
		CE96B4071FB3FF1D006EFAD2 /* PhotoModel.swift */ = {isa = PBXFileReference; lastKnownFileType = sourcecode.swift; path = PhotoModel.swift; sourceTree = "<group>"; };
		CE96B4091FB4276B006EFAD2 /* DataManage.swift */ = {isa = PBXFileReference; lastKnownFileType = sourcecode.swift; path = DataManage.swift; sourceTree = "<group>"; };
		CEE6618E1FB3EB4300793660 /* SecondMain.app */ = {isa = PBXFileReference; explicitFileType = wrapper.application; includeInIndex = 0; path = SecondMain.app; sourceTree = BUILT_PRODUCTS_DIR; };
		CEE661911FB3EB4300793660 /* AppDelegate.swift */ = {isa = PBXFileReference; lastKnownFileType = sourcecode.swift; path = AppDelegate.swift; sourceTree = "<group>"; };
		CEE661931FB3EB4300793660 /* TableViewController.swift */ = {isa = PBXFileReference; lastKnownFileType = sourcecode.swift; path = TableViewController.swift; sourceTree = "<group>"; };
		CEE661961FB3EB4300793660 /* Base */ = {isa = PBXFileReference; lastKnownFileType = file.storyboard; name = Base; path = Base.lproj/Main.storyboard; sourceTree = "<group>"; };
		CEE661981FB3EB4300793660 /* Assets.xcassets */ = {isa = PBXFileReference; lastKnownFileType = folder.assetcatalog; path = Assets.xcassets; sourceTree = "<group>"; };
		CEE6619B1FB3EB4300793660 /* Base */ = {isa = PBXFileReference; lastKnownFileType = file.storyboard; name = Base; path = Base.lproj/LaunchScreen.storyboard; sourceTree = "<group>"; };
		CEE6619D1FB3EB4300793660 /* Info.plist */ = {isa = PBXFileReference; lastKnownFileType = text.plist.xml; path = Info.plist; sourceTree = "<group>"; };
/* End PBXFileReference section */

/* Begin PBXFrameworksBuildPhase section */
		CEE6618B1FB3EB4300793660 /* Frameworks */ = {
			isa = PBXFrameworksBuildPhase;
			buildActionMask = 2147483647;
			files = (
			);
			runOnlyForDeploymentPostprocessing = 0;
		};
/* End PBXFrameworksBuildPhase section */

/* Begin PBXGroup section */
		CEE661851FB3EB4300793660 = {
			isa = PBXGroup;
			children = (
				CEE661901FB3EB4300793660 /* SecondMain */,
				CEE6618F1FB3EB4300793660 /* Products */,
			);
			sourceTree = "<group>";
		};
		CEE6618F1FB3EB4300793660 /* Products */ = {
			isa = PBXGroup;
			children = (
				CEE6618E1FB3EB4300793660 /* SecondMain.app */,
			);
			name = Products;
			sourceTree = "<group>";
		};
		CEE661901FB3EB4300793660 /* SecondMain */ = {
			isa = PBXGroup;
			children = (
				CEE661A61FB3EB6400793660 /* Model */,
				CEE661A51FB3EB5B00793660 /* Layout */,
				CEE661A41FB3EB5500793660 /* VC */,
				CEE661A31FB3EB5000793660 /* View */,
				CEE661911FB3EB4300793660 /* AppDelegate.swift */,
				CEE661981FB3EB4300793660 /* Assets.xcassets */,
				CEE6619A1FB3EB4300793660 /* LaunchScreen.storyboard */,
				CEE6619D1FB3EB4300793660 /* Info.plist */,
			);
			path = SecondMain;
			sourceTree = "<group>";
		};
		CEE661A31FB3EB5000793660 /* View */ = {
			isa = PBXGroup;
			children = (
				CE96B4031FB3EFA9006EFAD2 /* CustomCell.swift */,
				CEE661951FB3EB4300793660 /* Main.storyboard */,
			);
			path = View;
			sourceTree = "<group>";
		};
		CEE661A41FB3EB5500793660 /* VC */ = {
			isa = PBXGroup;
			children = (
				CEE661931FB3EB4300793660 /* TableViewController.swift */,
				CE96B4051FB3FDDC006EFAD2 /* PhotoViewController.swift */,
			);
			path = VC;
			sourceTree = "<group>";
		};
		CEE661A51FB3EB5B00793660 /* Layout */ = {
			isa = PBXGroup;
			children = (
			);
			path = Layout;
			sourceTree = "<group>";
		};
		CEE661A61FB3EB6400793660 /* Model */ = {
			isa = PBXGroup;
			children = (
				CE96B4071FB3FF1D006EFAD2 /* PhotoModel.swift */,
				CE96B4091FB4276B006EFAD2 /* DataManage.swift */,
			);
			path = Model;
			sourceTree = "<group>";
		};
/* End PBXGroup section */

/* Begin PBXNativeTarget section */
		CEE6618D1FB3EB4300793660 /* SecondMain */ = {
			isa = PBXNativeTarget;
			buildConfigurationList = CEE661A01FB3EB4300793660 /* Build configuration list for PBXNativeTarget "SecondMain" */;
			buildPhases = (
				CEE6618A1FB3EB4300793660 /* Sources */,
				CEE6618B1FB3EB4300793660 /* Frameworks */,
				CEE6618C1FB3EB4300793660 /* Resources */,
			);
			buildRules = (
			);
			dependencies = (
			);
			name = SecondMain;
			productName = SecondMain;
			productReference = CEE6618E1FB3EB4300793660 /* SecondMain.app */;
			productType = "com.apple.product-type.application";
		};
/* End PBXNativeTarget section */

/* Begin PBXProject section */
		CEE661861FB3EB4300793660 /* Project object */ = {
			isa = PBXProject;
			attributes = {
				LastSwiftUpdateCheck = 0910;
				LastUpgradeCheck = 0910;
				ORGANIZATIONNAME = "SONGYEE SHIN";
				TargetAttributes = {
					CEE6618D1FB3EB4300793660 = {
						CreatedOnToolsVersion = 9.1;
						ProvisioningStyle = Automatic;
					};
				};
			};
			buildConfigurationList = CEE661891FB3EB4300793660 /* Build configuration list for PBXProject "SecondMain" */;
			compatibilityVersion = "Xcode 8.0";
			developmentRegion = en;
			hasScannedForEncodings = 0;
			knownRegions = (
				en,
				Base,
			);
			mainGroup = CEE661851FB3EB4300793660;
			productRefGroup = CEE6618F1FB3EB4300793660 /* Products */;
			projectDirPath = "";
			projectRoot = "";
			targets = (
				CEE6618D1FB3EB4300793660 /* SecondMain */,
			);
		};
/* End PBXProject section */

/* Begin PBXResourcesBuildPhase section */
		CEE6618C1FB3EB4300793660 /* Resources */ = {
			isa = PBXResourcesBuildPhase;
			buildActionMask = 2147483647;
			files = (
				CEE6619C1FB3EB4300793660 /* LaunchScreen.storyboard in Resources */,
				CEE661991FB3EB4300793660 /* Assets.xcassets in Resources */,
				CEE661971FB3EB4300793660 /* Main.storyboard in Resources */,
			);
			runOnlyForDeploymentPostprocessing = 0;
		};
/* End PBXResourcesBuildPhase section */

/* Begin PBXSourcesBuildPhase section */
		CEE6618A1FB3EB4300793660 /* Sources */ = {
			isa = PBXSourcesBuildPhase;
			buildActionMask = 2147483647;
			files = (
				CEE661941FB3EB4300793660 /* TableViewController.swift in Sources */,
				CE96B4061FB3FDDC006EFAD2 /* PhotoViewController.swift in Sources */,
				CE96B4041FB3EFA9006EFAD2 /* CustomCell.swift in Sources */,
				CE96B4081FB3FF1D006EFAD2 /* PhotoModel.swift in Sources */,
				CE96B40A1FB4276B006EFAD2 /* DataManage.swift in Sources */,
				CEE661921FB3EB4300793660 /* AppDelegate.swift in Sources */,
			);
			runOnlyForDeploymentPostprocessing = 0;
		};
/* End PBXSourcesBuildPhase section */

/* Begin PBXVariantGroup section */
		CEE661951FB3EB4300793660 /* Main.storyboard */ = {
			isa = PBXVariantGroup;
			children = (
				CEE661961FB3EB4300793660 /* Base */,
			);
			name = Main.storyboard;
			sourceTree = "<group>";
		};
		CEE6619A1FB3EB4300793660 /* LaunchScreen.storyboard */ = {
			isa = PBXVariantGroup;
			children = (
				CEE6619B1FB3EB4300793660 /* Base */,
			);
			name = LaunchScreen.storyboard;
			sourceTree = "<group>";
		};
/* End PBXVariantGroup section */

/* Begin XCBuildConfiguration section */
		CEE6619E1FB3EB4300793660 /* Debug */ = {
			isa = XCBuildConfiguration;
			buildSettings = {
				ALWAYS_SEARCH_USER_PATHS = NO;
				CLANG_ANALYZER_NONNULL = YES;
				CLANG_ANALYZER_NUMBER_OBJECT_CONVERSION = YES_AGGRESSIVE;
				CLANG_CXX_LANGUAGE_STANDARD = "gnu++14";
				CLANG_CXX_LIBRARY = "libc++";
				CLANG_ENABLE_MODULES = YES;
				CLANG_ENABLE_OBJC_ARC = YES;
				CLANG_WARN_BLOCK_CAPTURE_AUTORELEASING = YES;
				CLANG_WARN_BOOL_CONVERSION = YES;
				CLANG_WARN_COMMA = YES;
				CLANG_WARN_CONSTANT_CONVERSION = YES;
				CLANG_WARN_DIRECT_OBJC_ISA_USAGE = YES_ERROR;
				CLANG_WARN_DOCUMENTATION_COMMENTS = YES;
				CLANG_WARN_EMPTY_BODY = YES;
				CLANG_WARN_ENUM_CONVERSION = YES;
				CLANG_WARN_INFINITE_RECURSION = YES;
				CLANG_WARN_INT_CONVERSION = YES;
				CLANG_WARN_NON_LITERAL_NULL_CONVERSION = YES;
				CLANG_WARN_OBJC_LITERAL_CONVERSION = YES;
				CLANG_WARN_OBJC_ROOT_CLASS = YES_ERROR;
				CLANG_WARN_RANGE_LOOP_ANALYSIS = YES;
				CLANG_WARN_STRICT_PROTOTYPES = YES;
				CLANG_WARN_SUSPICIOUS_MOVE = YES;
				CLANG_WARN_UNGUARDED_AVAILABILITY = YES_AGGRESSIVE;
				CLANG_WARN_UNREACHABLE_CODE = YES;
				CLANG_WARN__DUPLICATE_METHOD_MATCH = YES;
				CODE_SIGN_IDENTITY = "iPhone Developer";
				COPY_PHASE_STRIP = NO;
				DEBUG_INFORMATION_FORMAT = dwarf;
				ENABLE_STRICT_OBJC_MSGSEND = YES;
				ENABLE_TESTABILITY = YES;
				GCC_C_LANGUAGE_STANDARD = gnu11;
				GCC_DYNAMIC_NO_PIC = NO;
				GCC_NO_COMMON_BLOCKS = YES;
				GCC_OPTIMIZATION_LEVEL = 0;
				GCC_PREPROCESSOR_DEFINITIONS = (
					"DEBUG=1",
					"$(inherited)",
				);
				GCC_WARN_64_TO_32_BIT_CONVERSION = YES;
				GCC_WARN_ABOUT_RETURN_TYPE = YES_ERROR;
				GCC_WARN_UNDECLARED_SELECTOR = YES;
				GCC_WARN_UNINITIALIZED_AUTOS = YES_AGGRESSIVE;
				GCC_WARN_UNUSED_FUNCTION = YES;
				GCC_WARN_UNUSED_VARIABLE = YES;
				IPHONEOS_DEPLOYMENT_TARGET = 11.1;
				MTL_ENABLE_DEBUG_INFO = YES;
				ONLY_ACTIVE_ARCH = YES;
				SDKROOT = iphoneos;
				SWIFT_ACTIVE_COMPILATION_CONDITIONS = DEBUG;
				SWIFT_OPTIMIZATION_LEVEL = "-Onone";
			};
			name = Debug;
		};
		CEE6619F1FB3EB4300793660 /* Release */ = {
			isa = XCBuildConfiguration;
			buildSettings = {
				ALWAYS_SEARCH_USER_PATHS = NO;
				CLANG_ANALYZER_NONNULL = YES;
				CLANG_ANALYZER_NUMBER_OBJECT_CONVERSION = YES_AGGRESSIVE;
				CLANG_CXX_LANGUAGE_STANDARD = "gnu++14";
				CLANG_CXX_LIBRARY = "libc++";
				CLANG_ENABLE_MODULES = YES;
				CLANG_ENABLE_OBJC_ARC = YES;
				CLANG_WARN_BLOCK_CAPTURE_AUTORELEASING = YES;
				CLANG_WARN_BOOL_CONVERSION = YES;
				CLANG_WARN_COMMA = YES;
				CLANG_WARN_CONSTANT_CONVERSION = YES;
				CLANG_WARN_DIRECT_OBJC_ISA_USAGE = YES_ERROR;
				CLANG_WARN_DOCUMENTATION_COMMENTS = YES;
				CLANG_WARN_EMPTY_BODY = YES;
				CLANG_WARN_ENUM_CONVERSION = YES;
				CLANG_WARN_INFINITE_RECURSION = YES;
				CLANG_WARN_INT_CONVERSION = YES;
				CLANG_WARN_NON_LITERAL_NULL_CONVERSION = YES;
				CLANG_WARN_OBJC_LITERAL_CONVERSION = YES;
				CLANG_WARN_OBJC_ROOT_CLASS = YES_ERROR;
				CLANG_WARN_RANGE_LOOP_ANALYSIS = YES;
				CLANG_WARN_STRICT_PROTOTYPES = YES;
				CLANG_WARN_SUSPICIOUS_MOVE = YES;
				CLANG_WARN_UNGUARDED_AVAILABILITY = YES_AGGRESSIVE;
				CLANG_WARN_UNREACHABLE_CODE = YES;
				CLANG_WARN__DUPLICATE_METHOD_MATCH = YES;
				CODE_SIGN_IDENTITY = "iPhone Developer";
				COPY_PHASE_STRIP = NO;
				DEBUG_INFORMATION_FORMAT = "dwarf-with-dsym";
				ENABLE_NS_ASSERTIONS = NO;
				ENABLE_STRICT_OBJC_MSGSEND = YES;
				GCC_C_LANGUAGE_STANDARD = gnu11;
				GCC_NO_COMMON_BLOCKS = YES;
				GCC_WARN_64_TO_32_BIT_CONVERSION = YES;
				GCC_WARN_ABOUT_RETURN_TYPE = YES_ERROR;
				GCC_WARN_UNDECLARED_SELECTOR = YES;
				GCC_WARN_UNINITIALIZED_AUTOS = YES_AGGRESSIVE;
				GCC_WARN_UNUSED_FUNCTION = YES;
				GCC_WARN_UNUSED_VARIABLE = YES;
				IPHONEOS_DEPLOYMENT_TARGET = 11.1;
				MTL_ENABLE_DEBUG_INFO = NO;
				SDKROOT = iphoneos;
				SWIFT_OPTIMIZATION_LEVEL = "-Owholemodule";
				VALIDATE_PRODUCT = YES;
			};
			name = Release;
		};
		CEE661A11FB3EB4300793660 /* Debug */ = {
			isa = XCBuildConfiguration;
			buildSettings = {
				ASSETCATALOG_COMPILER_APPICON_NAME = AppIcon;
				CODE_SIGN_STYLE = Automatic;
				DEVELOPMENT_TEAM = G4MM77V7NH;
				INFOPLIST_FILE = SecondMain/Info.plist;
				LD_RUNPATH_SEARCH_PATHS = "$(inherited) @executable_path/Frameworks";
				PRODUCT_BUNDLE_IDENTIFIER = bun;
				PRODUCT_NAME = "$(TARGET_NAME)";
				SWIFT_VERSION = 4.0;
				TARGETED_DEVICE_FAMILY = "1,2";
			};
			name = Debug;
		};
		CEE661A21FB3EB4300793660 /* Release */ = {
			isa = XCBuildConfiguration;
			buildSettings = {
				ASSETCATALOG_COMPILER_APPICON_NAME = AppIcon;
				CODE_SIGN_STYLE = Automatic;
				DEVELOPMENT_TEAM = G4MM77V7NH;
				INFOPLIST_FILE = SecondMain/Info.plist;
				LD_RUNPATH_SEARCH_PATHS = "$(inherited) @executable_path/Frameworks";
				PRODUCT_BUNDLE_IDENTIFIER = bun;
				PRODUCT_NAME = "$(TARGET_NAME)";
				SWIFT_VERSION = 4.0;
				TARGETED_DEVICE_FAMILY = "1,2";
			};
			name = Release;
		};
/* End XCBuildConfiguration section */

/* Begin XCConfigurationList section */
		CEE661891FB3EB4300793660 /* Build configuration list for PBXProject "SecondMain" */ = {
			isa = XCConfigurationList;
			buildConfigurations = (
				CEE6619E1FB3EB4300793660 /* Debug */,
				CEE6619F1FB3EB4300793660 /* Release */,
			);
			defaultConfigurationIsVisible = 0;
			defaultConfigurationName = Release;
		};
		CEE661A01FB3EB4300793660 /* Build configuration list for PBXNativeTarget "SecondMain" */ = {
			isa = XCConfigurationList;
			buildConfigurations = (
				CEE661A11FB3EB4300793660 /* Debug */,
				CEE661A21FB3EB4300793660 /* Release */,
			);
			defaultConfigurationIsVisible = 0;
			defaultConfigurationName = Release;
		};
/* End XCConfigurationList section */
	};
	rootObject = CEE661861FB3EB4300793660 /* Project object */;
}
