// !$*UTF8*$!
{
	archiveVersion = 1;
	classes = {
	};
	objectVersion = 46;
	objects = {

/* Begin PBXBuildFile section */
		CEE3779A1F749F7F009F8170 /* UpdateViewController.swift in Sources */ = {isa = PBXBuildFile; fileRef = CEE377991F749F7F009F8170 /* UpdateViewController.swift */; };
		CEFB02D41F73D27400C8C2DE /* AppDelegate.swift in Sources */ = {isa = PBXBuildFile; fileRef = CEFB02D31F73D27400C8C2DE /* AppDelegate.swift */; };
		CEFB02D61F73D27400C8C2DE /* ViewController.swift in Sources */ = {isa = PBXBuildFile; fileRef = CEFB02D51F73D27400C8C2DE /* ViewController.swift */; };
		CEFB02D91F73D27400C8C2DE /* Main.storyboard in Resources */ = {isa = PBXBuildFile; fileRef = CEFB02D71F73D27400C8C2DE /* Main.storyboard */; };
		CEFB02DB1F73D27400C8C2DE /* Assets.xcassets in Resources */ = {isa = PBXBuildFile; fileRef = CEFB02DA1F73D27400C8C2DE /* Assets.xcassets */; };
		CEFB02DE1F73D27400C8C2DE /* LaunchScreen.storyboard in Resources */ = {isa = PBXBuildFile; fileRef = CEFB02DC1F73D27400C8C2DE /* LaunchScreen.storyboard */; };
/* End PBXBuildFile section */

/* Begin PBXFileReference section */
		CEE377991F749F7F009F8170 /* UpdateViewController.swift */ = {isa = PBXFileReference; fileEncoding = 4; lastKnownFileType = sourcecode.swift; path = UpdateViewController.swift; sourceTree = "<group>"; };
		CEFB02D01F73D27400C8C2DE /* Trainning.app */ = {isa = PBXFileReference; explicitFileType = wrapper.application; includeInIndex = 0; path = Trainning.app; sourceTree = BUILT_PRODUCTS_DIR; };
		CEFB02D31F73D27400C8C2DE /* AppDelegate.swift */ = {isa = PBXFileReference; lastKnownFileType = sourcecode.swift; path = AppDelegate.swift; sourceTree = "<group>"; };
		CEFB02D51F73D27400C8C2DE /* ViewController.swift */ = {isa = PBXFileReference; lastKnownFileType = sourcecode.swift; path = ViewController.swift; sourceTree = "<group>"; };
		CEFB02D81F73D27400C8C2DE /* Base */ = {isa = PBXFileReference; lastKnownFileType = file.storyboard; name = Base; path = Base.lproj/Main.storyboard; sourceTree = "<group>"; };
		CEFB02DA1F73D27400C8C2DE /* Assets.xcassets */ = {isa = PBXFileReference; lastKnownFileType = folder.assetcatalog; path = Assets.xcassets; sourceTree = "<group>"; };
		CEFB02DD1F73D27400C8C2DE /* Base */ = {isa = PBXFileReference; lastKnownFileType = file.storyboard; name = Base; path = Base.lproj/LaunchScreen.storyboard; sourceTree = "<group>"; };
		CEFB02DF1F73D27400C8C2DE /* Info.plist */ = {isa = PBXFileReference; lastKnownFileType = text.plist.xml; path = Info.plist; sourceTree = "<group>"; };
/* End PBXFileReference section */

/* Begin PBXFrameworksBuildPhase section */
		CEFB02CD1F73D27400C8C2DE /* Frameworks */ = {
			isa = PBXFrameworksBuildPhase;
			buildActionMask = 2147483647;
			files = (
			);
			runOnlyForDeploymentPostprocessing = 0;
		};
/* End PBXFrameworksBuildPhase section */

/* Begin PBXGroup section */
		CEFB02C71F73D27400C8C2DE = {
			isa = PBXGroup;
			children = (
				CEFB02D21F73D27400C8C2DE /* Trainning */,
				CEFB02D11F73D27400C8C2DE /* Products */,
			);
			sourceTree = "<group>";
		};
		CEFB02D11F73D27400C8C2DE /* Products */ = {
			isa = PBXGroup;
			children = (
				CEFB02D01F73D27400C8C2DE /* Trainning.app */,
			);
			name = Products;
			sourceTree = "<group>";
		};
		CEFB02D21F73D27400C8C2DE /* Trainning */ = {
			isa = PBXGroup;
			children = (
				CEFB02D31F73D27400C8C2DE /* AppDelegate.swift */,
				CEFB02D51F73D27400C8C2DE /* ViewController.swift */,
				CEE377991F749F7F009F8170 /* UpdateViewController.swift */,
				CEFB02D71F73D27400C8C2DE /* Main.storyboard */,
				CEFB02DA1F73D27400C8C2DE /* Assets.xcassets */,
				CEFB02DC1F73D27400C8C2DE /* LaunchScreen.storyboard */,
				CEFB02DF1F73D27400C8C2DE /* Info.plist */,
			);
			path = Trainning;
			sourceTree = "<group>";
		};
/* End PBXGroup section */

/* Begin PBXNativeTarget section */
		CEFB02CF1F73D27400C8C2DE /* Trainning */ = {
			isa = PBXNativeTarget;
			buildConfigurationList = CEFB02E21F73D27400C8C2DE /* Build configuration list for PBXNativeTarget "Trainning" */;
			buildPhases = (
				CEFB02CC1F73D27400C8C2DE /* Sources */,
				CEFB02CD1F73D27400C8C2DE /* Frameworks */,
				CEFB02CE1F73D27400C8C2DE /* Resources */,
			);
			buildRules = (
			);
			dependencies = (
			);
			name = Trainning;
			productName = Trainning;
			productReference = CEFB02D01F73D27400C8C2DE /* Trainning.app */;
			productType = "com.apple.product-type.application";
		};
/* End PBXNativeTarget section */

/* Begin PBXProject section */
		CEFB02C81F73D27400C8C2DE /* Project object */ = {
			isa = PBXProject;
			attributes = {
				LastSwiftUpdateCheck = 0830;
				LastUpgradeCheck = 0830;
				ORGANIZATIONNAME = "SONGYEE SHIN";
				TargetAttributes = {
					CEFB02CF1F73D27400C8C2DE = {
						CreatedOnToolsVersion = 8.3.3;
						ProvisioningStyle = Automatic;
					};
				};
			};
			buildConfigurationList = CEFB02CB1F73D27400C8C2DE /* Build configuration list for PBXProject "Trainning" */;
			compatibilityVersion = "Xcode 3.2";
			developmentRegion = English;
			hasScannedForEncodings = 0;
			knownRegions = (
				en,
				Base,
			);
			mainGroup = CEFB02C71F73D27400C8C2DE;
			productRefGroup = CEFB02D11F73D27400C8C2DE /* Products */;
			projectDirPath = "";
			projectRoot = "";
			targets = (
				CEFB02CF1F73D27400C8C2DE /* Trainning */,
			);
		};
/* End PBXProject section */

/* Begin PBXResourcesBuildPhase section */
		CEFB02CE1F73D27400C8C2DE /* Resources */ = {
			isa = PBXResourcesBuildPhase;
			buildActionMask = 2147483647;
			files = (
				CEFB02DE1F73D27400C8C2DE /* LaunchScreen.storyboard in Resources */,
				CEFB02DB1F73D27400C8C2DE /* Assets.xcassets in Resources */,
				CEFB02D91F73D27400C8C2DE /* Main.storyboard in Resources */,
			);
			runOnlyForDeploymentPostprocessing = 0;
		};
/* End PBXResourcesBuildPhase section */

/* Begin PBXSourcesBuildPhase section */
		CEFB02CC1F73D27400C8C2DE /* Sources */ = {
			isa = PBXSourcesBuildPhase;
			buildActionMask = 2147483647;
			files = (
				CEFB02D61F73D27400C8C2DE /* ViewController.swift in Sources */,
				CEFB02D41F73D27400C8C2DE /* AppDelegate.swift in Sources */,
				CEE3779A1F749F7F009F8170 /* UpdateViewController.swift in Sources */,
			);
			runOnlyForDeploymentPostprocessing = 0;
		};
/* End PBXSourcesBuildPhase section */

/* Begin PBXVariantGroup section */
		CEFB02D71F73D27400C8C2DE /* Main.storyboard */ = {
			isa = PBXVariantGroup;
			children = (
				CEFB02D81F73D27400C8C2DE /* Base */,
			);
			name = Main.storyboard;
			sourceTree = "<group>";
		};
		CEFB02DC1F73D27400C8C2DE /* LaunchScreen.storyboard */ = {
			isa = PBXVariantGroup;
			children = (
				CEFB02DD1F73D27400C8C2DE /* Base */,
			);
			name = LaunchScreen.storyboard;
			sourceTree = "<group>";
		};
/* End PBXVariantGroup section */

/* Begin XCBuildConfiguration section */
		CEFB02E01F73D27400C8C2DE /* Debug */ = {
			isa = XCBuildConfiguration;
			buildSettings = {
				ALWAYS_SEARCH_USER_PATHS = NO;
				CLANG_ANALYZER_NONNULL = YES;
				CLANG_ANALYZER_NUMBER_OBJECT_CONVERSION = YES_AGGRESSIVE;
				CLANG_CXX_LANGUAGE_STANDARD = "gnu++0x";
				CLANG_CXX_LIBRARY = "libc++";
				CLANG_ENABLE_MODULES = YES;
				CLANG_ENABLE_OBJC_ARC = YES;
				CLANG_WARN_BOOL_CONVERSION = YES;
				CLANG_WARN_CONSTANT_CONVERSION = YES;
				CLANG_WARN_DIRECT_OBJC_ISA_USAGE = YES_ERROR;
				CLANG_WARN_DOCUMENTATION_COMMENTS = YES;
				CLANG_WARN_EMPTY_BODY = YES;
				CLANG_WARN_ENUM_CONVERSION = YES;
				CLANG_WARN_INFINITE_RECURSION = YES;
				CLANG_WARN_INT_CONVERSION = YES;
				CLANG_WARN_OBJC_ROOT_CLASS = YES_ERROR;
				CLANG_WARN_SUSPICIOUS_MOVE = YES;
				CLANG_WARN_UNREACHABLE_CODE = YES;
				CLANG_WARN__DUPLICATE_METHOD_MATCH = YES;
				"CODE_SIGN_IDENTITY[sdk=iphoneos*]" = "iPhone Developer";
				COPY_PHASE_STRIP = NO;
				DEBUG_INFORMATION_FORMAT = dwarf;
				ENABLE_STRICT_OBJC_MSGSEND = YES;
				ENABLE_TESTABILITY = YES;
				GCC_C_LANGUAGE_STANDARD = gnu99;
				GCC_DYNAMIC_NO_PIC = NO;
				GCC_NO_COMMON_BLOCKS = YES;
				GCC_OPTIMIZATION_LEVEL = 0;
				GCC_PREPROCESSOR_DEFINITIONS = (
					"DEBUG=1",
					"$(inherited)",
				);
				GCC_WARN_64_TO_32_BIT_CONVERSION = YES;
				GCC_WARN_ABOUT_RETURN_TYPE = YES_ERROR;
				GCC_WARN_UNDECLARED_SELECTOR = YES;
				GCC_WARN_UNINITIALIZED_AUTOS = YES_AGGRESSIVE;
				GCC_WARN_UNUSED_FUNCTION = YES;
				GCC_WARN_UNUSED_VARIABLE = YES;
				IPHONEOS_DEPLOYMENT_TARGET = 10.3;
				MTL_ENABLE_DEBUG_INFO = YES;
				ONLY_ACTIVE_ARCH = YES;
				SDKROOT = iphoneos;
				SWIFT_ACTIVE_COMPILATION_CONDITIONS = DEBUG;
				SWIFT_OPTIMIZATION_LEVEL = "-Onone";
			};
			name = Debug;
		};
		CEFB02E11F73D27400C8C2DE /* Release */ = {
			isa = XCBuildConfiguration;
			buildSettings = {
				ALWAYS_SEARCH_USER_PATHS = NO;
				CLANG_ANALYZER_NONNULL = YES;
				CLANG_ANALYZER_NUMBER_OBJECT_CONVERSION = YES_AGGRESSIVE;
				CLANG_CXX_LANGUAGE_STANDARD = "gnu++0x";
				CLANG_CXX_LIBRARY = "libc++";
				CLANG_ENABLE_MODULES = YES;
				CLANG_ENABLE_OBJC_ARC = YES;
				CLANG_WARN_BOOL_CONVERSION = YES;
				CLANG_WARN_CONSTANT_CONVERSION = YES;
				CLANG_WARN_DIRECT_OBJC_ISA_USAGE = YES_ERROR;
				CLANG_WARN_DOCUMENTATION_COMMENTS = YES;
				CLANG_WARN_EMPTY_BODY = YES;
				CLANG_WARN_ENUM_CONVERSION = YES;
				CLANG_WARN_INFINITE_RECURSION = YES;
				CLANG_WARN_INT_CONVERSION = YES;
				CLANG_WARN_OBJC_ROOT_CLASS = YES_ERROR;
				CLANG_WARN_SUSPICIOUS_MOVE = YES;
				CLANG_WARN_UNREACHABLE_CODE = YES;
				CLANG_WARN__DUPLICATE_METHOD_MATCH = YES;
				"CODE_SIGN_IDENTITY[sdk=iphoneos*]" = "iPhone Developer";
				COPY_PHASE_STRIP = NO;
				DEBUG_INFORMATION_FORMAT = "dwarf-with-dsym";
				ENABLE_NS_ASSERTIONS = NO;
				ENABLE_STRICT_OBJC_MSGSEND = YES;
				GCC_C_LANGUAGE_STANDARD = gnu99;
				GCC_NO_COMMON_BLOCKS = YES;
				GCC_WARN_64_TO_32_BIT_CONVERSION = YES;
				GCC_WARN_ABOUT_RETURN_TYPE = YES_ERROR;
				GCC_WARN_UNDECLARED_SELECTOR = YES;
				GCC_WARN_UNINITIALIZED_AUTOS = YES_AGGRESSIVE;
				GCC_WARN_UNUSED_FUNCTION = YES;
				GCC_WARN_UNUSED_VARIABLE = YES;
				IPHONEOS_DEPLOYMENT_TARGET = 10.3;
				MTL_ENABLE_DEBUG_INFO = NO;
				SDKROOT = iphoneos;
				SWIFT_OPTIMIZATION_LEVEL = "-Owholemodule";
				VALIDATE_PRODUCT = YES;
			};
			name = Release;
		};
		CEFB02E31F73D27400C8C2DE /* Debug */ = {
			isa = XCBuildConfiguration;
			buildSettings = {
				ASSETCATALOG_COMPILER_APPICON_NAME = AppIcon;
				INFOPLIST_FILE = Trainning/Info.plist;
				LD_RUNPATH_SEARCH_PATHS = "$(inherited) @executable_path/Frameworks";
				PRODUCT_BUNDLE_IDENTIFIER = Hello.Trainning;
				PRODUCT_NAME = "$(TARGET_NAME)";
				SWIFT_VERSION = 3.0;
			};
			name = Debug;
		};
		CEFB02E41F73D27400C8C2DE /* Release */ = {
			isa = XCBuildConfiguration;
			buildSettings = {
				ASSETCATALOG_COMPILER_APPICON_NAME = AppIcon;
				INFOPLIST_FILE = Trainning/Info.plist;
				LD_RUNPATH_SEARCH_PATHS = "$(inherited) @executable_path/Frameworks";
				PRODUCT_BUNDLE_IDENTIFIER = Hello.Trainning;
				PRODUCT_NAME = "$(TARGET_NAME)";
				SWIFT_VERSION = 3.0;
			};
			name = Release;
		};
/* End XCBuildConfiguration section */

/* Begin XCConfigurationList section */
		CEFB02CB1F73D27400C8C2DE /* Build configuration list for PBXProject "Trainning" */ = {
			isa = XCConfigurationList;
			buildConfigurations = (
				CEFB02E01F73D27400C8C2DE /* Debug */,
				CEFB02E11F73D27400C8C2DE /* Release */,
			);
			defaultConfigurationIsVisible = 0;
			defaultConfigurationName = Release;
		};
		CEFB02E21F73D27400C8C2DE /* Build configuration list for PBXNativeTarget "Trainning" */ = {
			isa = XCConfigurationList;
			buildConfigurations = (
				CEFB02E31F73D27400C8C2DE /* Debug */,
				CEFB02E41F73D27400C8C2DE /* Release */,
			);
			defaultConfigurationIsVisible = 0;
			defaultConfigurationName = Release;
		};
/* End XCConfigurationList section */
	};
	rootObject = CEFB02C81F73D27400C8C2DE /* Project object */;
}
