// !$*UTF8*$!
{
	archiveVersion = 1;
	classes = {
	};
	objectVersion = 46;
	objects = {

/* Begin PBXBuildFile section */
		CEFA43271F6A0DC100016222 /* main.swift in Sources */ = {isa = PBXBuildFile; fileRef = CEFA43261F6A0DC100016222 /* main.swift */; };
		CEFA432E1F6A0DE600016222 /* Account.swift in Sources */ = {isa = PBXBuildFile; fileRef = CEFA432D1F6A0DE600016222 /* Account.swift */; };
		CEFA43301F6A0FD700016222 /* Customer.swift in Sources */ = {isa = PBXBuildFile; fileRef = CEFA432F1F6A0FD700016222 /* Customer.swift */; };
		CEFA43321F6A11DF00016222 /* Bank.swift in Sources */ = {isa = PBXBuildFile; fileRef = CEFA43311F6A11DF00016222 /* Bank.swift */; };
/* End PBXBuildFile section */

/* Begin PBXCopyFilesBuildPhase section */
		CEFA43211F6A0DC100016222 /* CopyFiles */ = {
			isa = PBXCopyFilesBuildPhase;
			buildActionMask = 2147483647;
			dstPath = /usr/share/man/man1/;
			dstSubfolderSpec = 0;
			files = (
			);
			runOnlyForDeploymentPostprocessing = 1;
		};
/* End PBXCopyFilesBuildPhase section */

/* Begin PBXFileReference section */
		CEFA43231F6A0DC100016222 /* sepFourteenMor */ = {isa = PBXFileReference; explicitFileType = "compiled.mach-o.executable"; includeInIndex = 0; path = sepFourteenMor; sourceTree = BUILT_PRODUCTS_DIR; };
		CEFA43261F6A0DC100016222 /* main.swift */ = {isa = PBXFileReference; lastKnownFileType = sourcecode.swift; path = main.swift; sourceTree = "<group>"; };
		CEFA432D1F6A0DE600016222 /* Account.swift */ = {isa = PBXFileReference; fileEncoding = 4; lastKnownFileType = sourcecode.swift; path = Account.swift; sourceTree = "<group>"; };
		CEFA432F1F6A0FD700016222 /* Customer.swift */ = {isa = PBXFileReference; fileEncoding = 4; lastKnownFileType = sourcecode.swift; path = Customer.swift; sourceTree = "<group>"; };
		CEFA43311F6A11DF00016222 /* Bank.swift */ = {isa = PBXFileReference; fileEncoding = 4; lastKnownFileType = sourcecode.swift; path = Bank.swift; sourceTree = "<group>"; };
/* End PBXFileReference section */

/* Begin PBXFrameworksBuildPhase section */
		CEFA43201F6A0DC100016222 /* Frameworks */ = {
			isa = PBXFrameworksBuildPhase;
			buildActionMask = 2147483647;
			files = (
			);
			runOnlyForDeploymentPostprocessing = 0;
		};
/* End PBXFrameworksBuildPhase section */

/* Begin PBXGroup section */
		CEFA431A1F6A0DC100016222 = {
			isa = PBXGroup;
			children = (
				CEFA43251F6A0DC100016222 /* sepFourteenMor */,
				CEFA43241F6A0DC100016222 /* Products */,
			);
			sourceTree = "<group>";
		};
		CEFA43241F6A0DC100016222 /* Products */ = {
			isa = PBXGroup;
			children = (
				CEFA43231F6A0DC100016222 /* sepFourteenMor */,
			);
			name = Products;
			sourceTree = "<group>";
		};
		CEFA43251F6A0DC100016222 /* sepFourteenMor */ = {
			isa = PBXGroup;
			children = (
				CEFA43261F6A0DC100016222 /* main.swift */,
				CEFA43311F6A11DF00016222 /* Bank.swift */,
				CEFA432D1F6A0DE600016222 /* Account.swift */,
				CEFA432F1F6A0FD700016222 /* Customer.swift */,
			);
			path = sepFourteenMor;
			sourceTree = "<group>";
		};
/* End PBXGroup section */

/* Begin PBXNativeTarget section */
		CEFA43221F6A0DC100016222 /* sepFourteenMor */ = {
			isa = PBXNativeTarget;
			buildConfigurationList = CEFA432A1F6A0DC100016222 /* Build configuration list for PBXNativeTarget "sepFourteenMor" */;
			buildPhases = (
				CEFA431F1F6A0DC100016222 /* Sources */,
				CEFA43201F6A0DC100016222 /* Frameworks */,
				CEFA43211F6A0DC100016222 /* CopyFiles */,
			);
			buildRules = (
			);
			dependencies = (
			);
			name = sepFourteenMor;
			productName = sepFourteenMor;
			productReference = CEFA43231F6A0DC100016222 /* sepFourteenMor */;
			productType = "com.apple.product-type.tool";
		};
/* End PBXNativeTarget section */

/* Begin PBXProject section */
		CEFA431B1F6A0DC100016222 /* Project object */ = {
			isa = PBXProject;
			attributes = {
				LastSwiftUpdateCheck = 0830;
				LastUpgradeCheck = 0830;
				ORGANIZATIONNAME = "SONGYEE SHIN";
				TargetAttributes = {
					CEFA43221F6A0DC100016222 = {
						CreatedOnToolsVersion = 8.3.3;
						ProvisioningStyle = Automatic;
					};
				};
			};
			buildConfigurationList = CEFA431E1F6A0DC100016222 /* Build configuration list for PBXProject "sepFourteenMor" */;
			compatibilityVersion = "Xcode 3.2";
			developmentRegion = English;
			hasScannedForEncodings = 0;
			knownRegions = (
				en,
			);
			mainGroup = CEFA431A1F6A0DC100016222;
			productRefGroup = CEFA43241F6A0DC100016222 /* Products */;
			projectDirPath = "";
			projectRoot = "";
			targets = (
				CEFA43221F6A0DC100016222 /* sepFourteenMor */,
			);
		};
/* End PBXProject section */

/* Begin PBXSourcesBuildPhase section */
		CEFA431F1F6A0DC100016222 /* Sources */ = {
			isa = PBXSourcesBuildPhase;
			buildActionMask = 2147483647;
			files = (
				CEFA43271F6A0DC100016222 /* main.swift in Sources */,
				CEFA43321F6A11DF00016222 /* Bank.swift in Sources */,
				CEFA43301F6A0FD700016222 /* Customer.swift in Sources */,
				CEFA432E1F6A0DE600016222 /* Account.swift in Sources */,
			);
			runOnlyForDeploymentPostprocessing = 0;
		};
/* End PBXSourcesBuildPhase section */

/* Begin XCBuildConfiguration section */
		CEFA43281F6A0DC100016222 /* Debug */ = {
			isa = XCBuildConfiguration;
			buildSettings = {
				ALWAYS_SEARCH_USER_PATHS = NO;
				CLANG_ANALYZER_NONNULL = YES;
				CLANG_ANALYZER_NUMBER_OBJECT_CONVERSION = YES_AGGRESSIVE;
				CLANG_CXX_LANGUAGE_STANDARD = "gnu++0x";
				CLANG_CXX_LIBRARY = "libc++";
				CLANG_ENABLE_MODULES = YES;
				CLANG_ENABLE_OBJC_ARC = YES;
				CLANG_WARN_BOOL_CONVERSION = YES;
				CLANG_WARN_CONSTANT_CONVERSION = YES;
				CLANG_WARN_DIRECT_OBJC_ISA_USAGE = YES_ERROR;
				CLANG_WARN_DOCUMENTATION_COMMENTS = YES;
				CLANG_WARN_EMPTY_BODY = YES;
				CLANG_WARN_ENUM_CONVERSION = YES;
				CLANG_WARN_INFINITE_RECURSION = YES;
				CLANG_WARN_INT_CONVERSION = YES;
				CLANG_WARN_OBJC_ROOT_CLASS = YES_ERROR;
				CLANG_WARN_SUSPICIOUS_MOVE = YES;
				CLANG_WARN_UNREACHABLE_CODE = YES;
				CLANG_WARN__DUPLICATE_METHOD_MATCH = YES;
				CODE_SIGN_IDENTITY = "-";
				COPY_PHASE_STRIP = NO;
				DEBUG_INFORMATION_FORMAT = dwarf;
				ENABLE_STRICT_OBJC_MSGSEND = YES;
				ENABLE_TESTABILITY = YES;
				GCC_C_LANGUAGE_STANDARD = gnu99;
				GCC_DYNAMIC_NO_PIC = NO;
				GCC_NO_COMMON_BLOCKS = YES;
				GCC_OPTIMIZATION_LEVEL = 0;
				GCC_PREPROCESSOR_DEFINITIONS = (
					"DEBUG=1",
					"$(inherited)",
				);
				GCC_WARN_64_TO_32_BIT_CONVERSION = YES;
				GCC_WARN_ABOUT_RETURN_TYPE = YES_ERROR;
				GCC_WARN_UNDECLARED_SELECTOR = YES;
				GCC_WARN_UNINITIALIZED_AUTOS = YES_AGGRESSIVE;
				GCC_WARN_UNUSED_FUNCTION = YES;
				GCC_WARN_UNUSED_VARIABLE = YES;
				MACOSX_DEPLOYMENT_TARGET = 10.12;
				MTL_ENABLE_DEBUG_INFO = YES;
				ONLY_ACTIVE_ARCH = YES;
				SDKROOT = macosx;
				SWIFT_OPTIMIZATION_LEVEL = "-Onone";
			};
			name = Debug;
		};
		CEFA43291F6A0DC100016222 /* Release */ = {
			isa = XCBuildConfiguration;
			buildSettings = {
				ALWAYS_SEARCH_USER_PATHS = NO;
				CLANG_ANALYZER_NONNULL = YES;
				CLANG_ANALYZER_NUMBER_OBJECT_CONVERSION = YES_AGGRESSIVE;
				CLANG_CXX_LANGUAGE_STANDARD = "gnu++0x";
				CLANG_CXX_LIBRARY = "libc++";
				CLANG_ENABLE_MODULES = YES;
				CLANG_ENABLE_OBJC_ARC = YES;
				CLANG_WARN_BOOL_CONVERSION = YES;
				CLANG_WARN_CONSTANT_CONVERSION = YES;
				CLANG_WARN_DIRECT_OBJC_ISA_USAGE = YES_ERROR;
				CLANG_WARN_DOCUMENTATION_COMMENTS = YES;
				CLANG_WARN_EMPTY_BODY = YES;
				CLANG_WARN_ENUM_CONVERSION = YES;
				CLANG_WARN_INFINITE_RECURSION = YES;
				CLANG_WARN_INT_CONVERSION = YES;
				CLANG_WARN_OBJC_ROOT_CLASS = YES_ERROR;
				CLANG_WARN_SUSPICIOUS_MOVE = YES;
				CLANG_WARN_UNREACHABLE_CODE = YES;
				CLANG_WARN__DUPLICATE_METHOD_MATCH = YES;
				CODE_SIGN_IDENTITY = "-";
				COPY_PHASE_STRIP = NO;
				DEBUG_INFORMATION_FORMAT = "dwarf-with-dsym";
				ENABLE_NS_ASSERTIONS = NO;
				ENABLE_STRICT_OBJC_MSGSEND = YES;
				GCC_C_LANGUAGE_STANDARD = gnu99;
				GCC_NO_COMMON_BLOCKS = YES;
				GCC_WARN_64_TO_32_BIT_CONVERSION = YES;
				GCC_WARN_ABOUT_RETURN_TYPE = YES_ERROR;
				GCC_WARN_UNDECLARED_SELECTOR = YES;
				GCC_WARN_UNINITIALIZED_AUTOS = YES_AGGRESSIVE;
				GCC_WARN_UNUSED_FUNCTION = YES;
				GCC_WARN_UNUSED_VARIABLE = YES;
				MACOSX_DEPLOYMENT_TARGET = 10.12;
				MTL_ENABLE_DEBUG_INFO = NO;
				SDKROOT = macosx;
			};
			name = Release;
		};
		CEFA432B1F6A0DC100016222 /* Debug */ = {
			isa = XCBuildConfiguration;
			buildSettings = {
				PRODUCT_NAME = "$(TARGET_NAME)";
				SWIFT_VERSION = 3.0;
			};
			name = Debug;
		};
		CEFA432C1F6A0DC100016222 /* Release */ = {
			isa = XCBuildConfiguration;
			buildSettings = {
				PRODUCT_NAME = "$(TARGET_NAME)";
				SWIFT_VERSION = 3.0;
			};
			name = Release;
		};
/* End XCBuildConfiguration section */

/* Begin XCConfigurationList section */
		CEFA431E1F6A0DC100016222 /* Build configuration list for PBXProject "sepFourteenMor" */ = {
			isa = XCConfigurationList;
			buildConfigurations = (
				CEFA43281F6A0DC100016222 /* Debug */,
				CEFA43291F6A0DC100016222 /* Release */,
			);
			defaultConfigurationIsVisible = 0;
			defaultConfigurationName = Release;
		};
		CEFA432A1F6A0DC100016222 /* Build configuration list for PBXNativeTarget "sepFourteenMor" */ = {
			isa = XCConfigurationList;
			buildConfigurations = (
				CEFA432B1F6A0DC100016222 /* Debug */,
				CEFA432C1F6A0DC100016222 /* Release */,
			);
			defaultConfigurationIsVisible = 0;
		};
/* End XCConfigurationList section */
	};
	rootObject = CEFA431B1F6A0DC100016222 /* Project object */;
}
