// !$*UTF8*$!
{
	archiveVersion = 1;
	classes = {
	};
	objectVersion = 48;
	objects = {

/* Begin PBXBuildFile section */
		CE92BEA41F99D211006FB77D /* AppDelegate.swift in Sources */ = {isa = PBXBuildFile; fileRef = CE92BEA31F99D211006FB77D /* AppDelegate.swift */; };
		CE92BEA61F99D211006FB77D /* ViewController.swift in Sources */ = {isa = PBXBuildFile; fileRef = CE92BEA51F99D211006FB77D /* ViewController.swift */; };
		CE92BEA91F99D211006FB77D /* Main.storyboard in Resources */ = {isa = PBXBuildFile; fileRef = CE92BEA71F99D211006FB77D /* Main.storyboard */; };
		CE92BEAB1F99D211006FB77D /* Assets.xcassets in Resources */ = {isa = PBXBuildFile; fileRef = CE92BEAA1F99D211006FB77D /* Assets.xcassets */; };
		CE92BEAE1F99D211006FB77D /* LaunchScreen.storyboard in Resources */ = {isa = PBXBuildFile; fileRef = CE92BEAC1F99D211006FB77D /* LaunchScreen.storyboard */; };
		CE92BEBA1F99D78F006FB77D /* SwitchTableViewCell.swift in Sources */ = {isa = PBXBuildFile; fileRef = CE92BEB91F99D78F006FB77D /* SwitchTableViewCell.swift */; };
/* End PBXBuildFile section */

/* Begin PBXFileReference section */
		CE92BEA01F99D211006FB77D /* TABLEViewOCT.app */ = {isa = PBXFileReference; explicitFileType = wrapper.application; includeInIndex = 0; path = TABLEViewOCT.app; sourceTree = BUILT_PRODUCTS_DIR; };
		CE92BEA31F99D211006FB77D /* AppDelegate.swift */ = {isa = PBXFileReference; lastKnownFileType = sourcecode.swift; path = AppDelegate.swift; sourceTree = "<group>"; };
		CE92BEA51F99D211006FB77D /* ViewController.swift */ = {isa = PBXFileReference; lastKnownFileType = sourcecode.swift; path = ViewController.swift; sourceTree = "<group>"; };
		CE92BEA81F99D211006FB77D /* Base */ = {isa = PBXFileReference; lastKnownFileType = file.storyboard; name = Base; path = Base.lproj/Main.storyboard; sourceTree = "<group>"; };
		CE92BEAA1F99D211006FB77D /* Assets.xcassets */ = {isa = PBXFileReference; lastKnownFileType = folder.assetcatalog; path = Assets.xcassets; sourceTree = "<group>"; };
		CE92BEAD1F99D211006FB77D /* Base */ = {isa = PBXFileReference; lastKnownFileType = file.storyboard; name = Base; path = Base.lproj/LaunchScreen.storyboard; sourceTree = "<group>"; };
		CE92BEAF1F99D211006FB77D /* Info.plist */ = {isa = PBXFileReference; lastKnownFileType = text.plist.xml; path = Info.plist; sourceTree = "<group>"; };
		CE92BEB91F99D78F006FB77D /* SwitchTableViewCell.swift */ = {isa = PBXFileReference; lastKnownFileType = sourcecode.swift; path = SwitchTableViewCell.swift; sourceTree = "<group>"; };
/* End PBXFileReference section */

/* Begin PBXFrameworksBuildPhase section */
		CE92BE9D1F99D211006FB77D /* Frameworks */ = {
			isa = PBXFrameworksBuildPhase;
			buildActionMask = 2147483647;
			files = (
			);
			runOnlyForDeploymentPostprocessing = 0;
		};
/* End PBXFrameworksBuildPhase section */

/* Begin PBXGroup section */
		CE92BE971F99D211006FB77D = {
			isa = PBXGroup;
			children = (
				CE92BEA21F99D211006FB77D /* TABLEViewOCT */,
				CE92BEA11F99D211006FB77D /* Products */,
			);
			sourceTree = "<group>";
		};
		CE92BEA11F99D211006FB77D /* Products */ = {
			isa = PBXGroup;
			children = (
				CE92BEA01F99D211006FB77D /* TABLEViewOCT.app */,
			);
			name = Products;
			sourceTree = "<group>";
		};
		CE92BEA21F99D211006FB77D /* TABLEViewOCT */ = {
			isa = PBXGroup;
			children = (
				CE92BEA31F99D211006FB77D /* AppDelegate.swift */,
				CE92BEA51F99D211006FB77D /* ViewController.swift */,
				CE92BEB91F99D78F006FB77D /* SwitchTableViewCell.swift */,
				CE92BEA71F99D211006FB77D /* Main.storyboard */,
				CE92BEAA1F99D211006FB77D /* Assets.xcassets */,
				CE92BEAC1F99D211006FB77D /* LaunchScreen.storyboard */,
				CE92BEAF1F99D211006FB77D /* Info.plist */,
			);
			path = TABLEViewOCT;
			sourceTree = "<group>";
		};
/* End PBXGroup section */

/* Begin PBXNativeTarget section */
		CE92BE9F1F99D211006FB77D /* TABLEViewOCT */ = {
			isa = PBXNativeTarget;
			buildConfigurationList = CE92BEB21F99D211006FB77D /* Build configuration list for PBXNativeTarget "TABLEViewOCT" */;
			buildPhases = (
				CE92BE9C1F99D211006FB77D /* Sources */,
				CE92BE9D1F99D211006FB77D /* Frameworks */,
				CE92BE9E1F99D211006FB77D /* Resources */,
			);
			buildRules = (
			);
			dependencies = (
			);
			name = TABLEViewOCT;
			productName = TABLEViewOCT;
			productReference = CE92BEA01F99D211006FB77D /* TABLEViewOCT.app */;
			productType = "com.apple.product-type.application";
		};
/* End PBXNativeTarget section */

/* Begin PBXProject section */
		CE92BE981F99D211006FB77D /* Project object */ = {
			isa = PBXProject;
			attributes = {
				LastSwiftUpdateCheck = 0900;
				LastUpgradeCheck = 0900;
				ORGANIZATIONNAME = "SONGYEE SHIN";
				TargetAttributes = {
					CE92BE9F1F99D211006FB77D = {
						CreatedOnToolsVersion = 9.0.1;
						ProvisioningStyle = Automatic;
					};
				};
			};
			buildConfigurationList = CE92BE9B1F99D211006FB77D /* Build configuration list for PBXProject "TABLEViewOCT" */;
			compatibilityVersion = "Xcode 8.0";
			developmentRegion = en;
			hasScannedForEncodings = 0;
			knownRegions = (
				en,
				Base,
			);
			mainGroup = CE92BE971F99D211006FB77D;
			productRefGroup = CE92BEA11F99D211006FB77D /* Products */;
			projectDirPath = "";
			projectRoot = "";
			targets = (
				CE92BE9F1F99D211006FB77D /* TABLEViewOCT */,
			);
		};
/* End PBXProject section */

/* Begin PBXResourcesBuildPhase section */
		CE92BE9E1F99D211006FB77D /* Resources */ = {
			isa = PBXResourcesBuildPhase;
			buildActionMask = 2147483647;
			files = (
				CE92BEAE1F99D211006FB77D /* LaunchScreen.storyboard in Resources */,
				CE92BEAB1F99D211006FB77D /* Assets.xcassets in Resources */,
				CE92BEA91F99D211006FB77D /* Main.storyboard in Resources */,
			);
			runOnlyForDeploymentPostprocessing = 0;
		};
/* End PBXResourcesBuildPhase section */

/* Begin PBXSourcesBuildPhase section */
		CE92BE9C1F99D211006FB77D /* Sources */ = {
			isa = PBXSourcesBuildPhase;
			buildActionMask = 2147483647;
			files = (
				CE92BEA61F99D211006FB77D /* ViewController.swift in Sources */,
				CE92BEBA1F99D78F006FB77D /* SwitchTableViewCell.swift in Sources */,
				CE92BEA41F99D211006FB77D /* AppDelegate.swift in Sources */,
			);
			runOnlyForDeploymentPostprocessing = 0;
		};
/* End PBXSourcesBuildPhase section */

/* Begin PBXVariantGroup section */
		CE92BEA71F99D211006FB77D /* Main.storyboard */ = {
			isa = PBXVariantGroup;
			children = (
				CE92BEA81F99D211006FB77D /* Base */,
			);
			name = Main.storyboard;
			sourceTree = "<group>";
		};
		CE92BEAC1F99D211006FB77D /* LaunchScreen.storyboard */ = {
			isa = PBXVariantGroup;
			children = (
				CE92BEAD1F99D211006FB77D /* Base */,
			);
			name = LaunchScreen.storyboard;
			sourceTree = "<group>";
		};
/* End PBXVariantGroup section */

/* Begin XCBuildConfiguration section */
		CE92BEB01F99D211006FB77D /* Debug */ = {
			isa = XCBuildConfiguration;
			buildSettings = {
				ALWAYS_SEARCH_USER_PATHS = NO;
				CLANG_ANALYZER_NONNULL = YES;
				CLANG_ANALYZER_NUMBER_OBJECT_CONVERSION = YES_AGGRESSIVE;
				CLANG_CXX_LANGUAGE_STANDARD = "gnu++14";
				CLANG_CXX_LIBRARY = "libc++";
				CLANG_ENABLE_MODULES = YES;
				CLANG_ENABLE_OBJC_ARC = YES;
				CLANG_WARN_BLOCK_CAPTURE_AUTORELEASING = YES;
				CLANG_WARN_BOOL_CONVERSION = YES;
				CLANG_WARN_COMMA = YES;
				CLANG_WARN_CONSTANT_CONVERSION = YES;
				CLANG_WARN_DIRECT_OBJC_ISA_USAGE = YES_ERROR;
				CLANG_WARN_DOCUMENTATION_COMMENTS = YES;
				CLANG_WARN_EMPTY_BODY = YES;
				CLANG_WARN_ENUM_CONVERSION = YES;
				CLANG_WARN_INFINITE_RECURSION = YES;
				CLANG_WARN_INT_CONVERSION = YES;
				CLANG_WARN_NON_LITERAL_NULL_CONVERSION = YES;
				CLANG_WARN_OBJC_LITERAL_CONVERSION = YES;
				CLANG_WARN_OBJC_ROOT_CLASS = YES_ERROR;
				CLANG_WARN_RANGE_LOOP_ANALYSIS = YES;
				CLANG_WARN_STRICT_PROTOTYPES = YES;
				CLANG_WARN_SUSPICIOUS_MOVE = YES;
				CLANG_WARN_UNGUARDED_AVAILABILITY = YES_AGGRESSIVE;
				CLANG_WARN_UNREACHABLE_CODE = YES;
				CLANG_WARN__DUPLICATE_METHOD_MATCH = YES;
				CODE_SIGN_IDENTITY = "iPhone Developer";
				COPY_PHASE_STRIP = NO;
				DEBUG_INFORMATION_FORMAT = dwarf;
				ENABLE_STRICT_OBJC_MSGSEND = YES;
				ENABLE_TESTABILITY = YES;
				GCC_C_LANGUAGE_STANDARD = gnu11;
				GCC_DYNAMIC_NO_PIC = NO;
				GCC_NO_COMMON_BLOCKS = YES;
				GCC_OPTIMIZATION_LEVEL = 0;
				GCC_PREPROCESSOR_DEFINITIONS = (
					"DEBUG=1",
					"$(inherited)",
				);
				GCC_WARN_64_TO_32_BIT_CONVERSION = YES;
				GCC_WARN_ABOUT_RETURN_TYPE = YES_ERROR;
				GCC_WARN_UNDECLARED_SELECTOR = YES;
				GCC_WARN_UNINITIALIZED_AUTOS = YES_AGGRESSIVE;
				GCC_WARN_UNUSED_FUNCTION = YES;
				GCC_WARN_UNUSED_VARIABLE = YES;
				IPHONEOS_DEPLOYMENT_TARGET = 11.0;
				MTL_ENABLE_DEBUG_INFO = YES;
				ONLY_ACTIVE_ARCH = YES;
				SDKROOT = iphoneos;
				SWIFT_ACTIVE_COMPILATION_CONDITIONS = DEBUG;
				SWIFT_OPTIMIZATION_LEVEL = "-Onone";
			};
			name = Debug;
		};
		CE92BEB11F99D211006FB77D /* Release */ = {
			isa = XCBuildConfiguration;
			buildSettings = {
				ALWAYS_SEARCH_USER_PATHS = NO;
				CLANG_ANALYZER_NONNULL = YES;
				CLANG_ANALYZER_NUMBER_OBJECT_CONVERSION = YES_AGGRESSIVE;
				CLANG_CXX_LANGUAGE_STANDARD = "gnu++14";
				CLANG_CXX_LIBRARY = "libc++";
				CLANG_ENABLE_MODULES = YES;
				CLANG_ENABLE_OBJC_ARC = YES;
				CLANG_WARN_BLOCK_CAPTURE_AUTORELEASING = YES;
				CLANG_WARN_BOOL_CONVERSION = YES;
				CLANG_WARN_COMMA = YES;
				CLANG_WARN_CONSTANT_CONVERSION = YES;
				CLANG_WARN_DIRECT_OBJC_ISA_USAGE = YES_ERROR;
				CLANG_WARN_DOCUMENTATION_COMMENTS = YES;
				CLANG_WARN_EMPTY_BODY = YES;
				CLANG_WARN_ENUM_CONVERSION = YES;
				CLANG_WARN_INFINITE_RECURSION = YES;
				CLANG_WARN_INT_CONVERSION = YES;
				CLANG_WARN_NON_LITERAL_NULL_CONVERSION = YES;
				CLANG_WARN_OBJC_LITERAL_CONVERSION = YES;
				CLANG_WARN_OBJC_ROOT_CLASS = YES_ERROR;
				CLANG_WARN_RANGE_LOOP_ANALYSIS = YES;
				CLANG_WARN_STRICT_PROTOTYPES = YES;
				CLANG_WARN_SUSPICIOUS_MOVE = YES;
				CLANG_WARN_UNGUARDED_AVAILABILITY = YES_AGGRESSIVE;
				CLANG_WARN_UNREACHABLE_CODE = YES;
				CLANG_WARN__DUPLICATE_METHOD_MATCH = YES;
				CODE_SIGN_IDENTITY = "iPhone Developer";
				COPY_PHASE_STRIP = NO;
				DEBUG_INFORMATION_FORMAT = "dwarf-with-dsym";
				ENABLE_NS_ASSERTIONS = NO;
				ENABLE_STRICT_OBJC_MSGSEND = YES;
				GCC_C_LANGUAGE_STANDARD = gnu11;
				GCC_NO_COMMON_BLOCKS = YES;
				GCC_WARN_64_TO_32_BIT_CONVERSION = YES;
				GCC_WARN_ABOUT_RETURN_TYPE = YES_ERROR;
				GCC_WARN_UNDECLARED_SELECTOR = YES;
				GCC_WARN_UNINITIALIZED_AUTOS = YES_AGGRESSIVE;
				GCC_WARN_UNUSED_FUNCTION = YES;
				GCC_WARN_UNUSED_VARIABLE = YES;
				IPHONEOS_DEPLOYMENT_TARGET = 11.0;
				MTL_ENABLE_DEBUG_INFO = NO;
				SDKROOT = iphoneos;
				SWIFT_OPTIMIZATION_LEVEL = "-Owholemodule";
				VALIDATE_PRODUCT = YES;
			};
			name = Release;
		};
		CE92BEB31F99D211006FB77D /* Debug */ = {
			isa = XCBuildConfiguration;
			buildSettings = {
				ASSETCATALOG_COMPILER_APPICON_NAME = AppIcon;
				CODE_SIGN_STYLE = Automatic;
				INFOPLIST_FILE = TABLEViewOCT/Info.plist;
				LD_RUNPATH_SEARCH_PATHS = "$(inherited) @executable_path/Frameworks";
				PRODUCT_BUNDLE_IDENTIFIER = Hello.TABLEViewOCT;
				PRODUCT_NAME = "$(TARGET_NAME)";
				SWIFT_VERSION = 4.0;
				TARGETED_DEVICE_FAMILY = "1,2";
			};
			name = Debug;
		};
		CE92BEB41F99D211006FB77D /* Release */ = {
			isa = XCBuildConfiguration;
			buildSettings = {
				ASSETCATALOG_COMPILER_APPICON_NAME = AppIcon;
				CODE_SIGN_STYLE = Automatic;
				INFOPLIST_FILE = TABLEViewOCT/Info.plist;
				LD_RUNPATH_SEARCH_PATHS = "$(inherited) @executable_path/Frameworks";
				PRODUCT_BUNDLE_IDENTIFIER = Hello.TABLEViewOCT;
				PRODUCT_NAME = "$(TARGET_NAME)";
				SWIFT_VERSION = 4.0;
				TARGETED_DEVICE_FAMILY = "1,2";
			};
			name = Release;
		};
/* End XCBuildConfiguration section */

/* Begin XCConfigurationList section */
		CE92BE9B1F99D211006FB77D /* Build configuration list for PBXProject "TABLEViewOCT" */ = {
			isa = XCConfigurationList;
			buildConfigurations = (
				CE92BEB01F99D211006FB77D /* Debug */,
				CE92BEB11F99D211006FB77D /* Release */,
			);
			defaultConfigurationIsVisible = 0;
			defaultConfigurationName = Release;
		};
		CE92BEB21F99D211006FB77D /* Build configuration list for PBXNativeTarget "TABLEViewOCT" */ = {
			isa = XCConfigurationList;
			buildConfigurations = (
				CE92BEB31F99D211006FB77D /* Debug */,
				CE92BEB41F99D211006FB77D /* Release */,
			);
			defaultConfigurationIsVisible = 0;
			defaultConfigurationName = Release;
		};
/* End XCConfigurationList section */
	};
	rootObject = CE92BE981F99D211006FB77D /* Project object */;
}
